// !$*UTF8*$!
{
	archiveVersion = 1;
	classes = {
	};
	objectVersion = 70;
	objects = {

/* Begin PBXBuildFile section */
		323D34802AB97EA1001E1CBE /* ScreenCaptureRedaction in Frameworks */ = {isa = PBXBuildFile; productRef = 323D347F2AB97EA1001E1CBE /* ScreenCaptureRedaction */; };
		32410F6E2AB58B0300A9184B /* FirebaseAnalytics in Frameworks */ = {isa = PBXBuildFile; productRef = 32410F6D2AB58B0300A9184B /* FirebaseAnalytics */; };
		32410F702AB58B0300A9184B /* FirebaseAnalyticsOnDeviceConversion in Frameworks */ = {isa = PBXBuildFile; productRef = 32410F6F2AB58B0300A9184B /* FirebaseAnalyticsOnDeviceConversion */; };
		32410F722AB58B0300A9184B /* FirebaseAnalyticsSwift in Frameworks */ = {isa = PBXBuildFile; productRef = 32410F712AB58B0300A9184B /* FirebaseAnalyticsSwift */; };
		32410F742AB58B0300A9184B /* FirebaseAnalyticsWithoutAdIdSupport in Frameworks */ = {isa = PBXBuildFile; productRef = 32410F732AB58B0300A9184B /* FirebaseAnalyticsWithoutAdIdSupport */; };
		32410F762AB58B0300A9184B /* FirebaseAppCheck in Frameworks */ = {isa = PBXBuildFile; productRef = 32410F752AB58B0300A9184B /* FirebaseAppCheck */; };
		32410F782AB58B0300A9184B /* FirebaseAppDistribution-Beta in Frameworks */ = {isa = PBXBuildFile; productRef = 32410F772AB58B0300A9184B /* FirebaseAppDistribution-Beta */; };
		32410F7A2AB58B0300A9184B /* FirebaseAuth in Frameworks */ = {isa = PBXBuildFile; productRef = 32410F792AB58B0300A9184B /* FirebaseAuth */; };
		32410F7C2AB58B0300A9184B /* FirebaseAuthCombine-Community in Frameworks */ = {isa = PBXBuildFile; productRef = 32410F7B2AB58B0300A9184B /* FirebaseAuthCombine-Community */; };
		32410F7E2AB58B0300A9184B /* FirebaseCrashlytics in Frameworks */ = {isa = PBXBuildFile; productRef = 32410F7D2AB58B0300A9184B /* FirebaseCrashlytics */; };
		32410F802AB58B0300A9184B /* FirebaseDatabase in Frameworks */ = {isa = PBXBuildFile; productRef = 32410F7F2AB58B0300A9184B /* FirebaseDatabase */; };
		32410F822AB58B0300A9184B /* FirebaseDatabaseSwift in Frameworks */ = {isa = PBXBuildFile; productRef = 32410F812AB58B0300A9184B /* FirebaseDatabaseSwift */; };
		32410F842AB58B0300A9184B /* FirebaseDynamicLinks in Frameworks */ = {isa = PBXBuildFile; productRef = 32410F832AB58B0300A9184B /* FirebaseDynamicLinks */; };
		32410F862AB58B0300A9184B /* FirebaseFirestore in Frameworks */ = {isa = PBXBuildFile; productRef = 32410F852AB58B0300A9184B /* FirebaseFirestore */; };
		32410F882AB58B0300A9184B /* FirebaseFirestoreCombine-Community in Frameworks */ = {isa = PBXBuildFile; productRef = 32410F872AB58B0300A9184B /* FirebaseFirestoreCombine-Community */; };
		32410F8A2AB58B0300A9184B /* FirebaseFirestoreSwift in Frameworks */ = {isa = PBXBuildFile; productRef = 32410F892AB58B0300A9184B /* FirebaseFirestoreSwift */; };
		32410F8C2AB58B0300A9184B /* FirebaseFunctions in Frameworks */ = {isa = PBXBuildFile; productRef = 32410F8B2AB58B0300A9184B /* FirebaseFunctions */; };
		32410F8E2AB58B0300A9184B /* FirebaseFunctionsCombine-Community in Frameworks */ = {isa = PBXBuildFile; productRef = 32410F8D2AB58B0300A9184B /* FirebaseFunctionsCombine-Community */; };
		32410F902AB58B0300A9184B /* FirebaseInAppMessaging-Beta in Frameworks */ = {isa = PBXBuildFile; productRef = 32410F8F2AB58B0300A9184B /* FirebaseInAppMessaging-Beta */; };
		32410F922AB58B0300A9184B /* FirebaseInAppMessagingSwift-Beta in Frameworks */ = {isa = PBXBuildFile; productRef = 32410F912AB58B0300A9184B /* FirebaseInAppMessagingSwift-Beta */; };
		32410F942AB58B0300A9184B /* FirebaseInstallations in Frameworks */ = {isa = PBXBuildFile; productRef = 32410F932AB58B0300A9184B /* FirebaseInstallations */; };
		32410F962AB58B0300A9184B /* FirebaseMLModelDownloader in Frameworks */ = {isa = PBXBuildFile; productRef = 32410F952AB58B0300A9184B /* FirebaseMLModelDownloader */; };
		32410F982AB58B0300A9184B /* FirebaseMessaging in Frameworks */ = {isa = PBXBuildFile; productRef = 32410F972AB58B0300A9184B /* FirebaseMessaging */; };
		32410F9A2AB58B0300A9184B /* FirebasePerformance in Frameworks */ = {isa = PBXBuildFile; productRef = 32410F992AB58B0300A9184B /* FirebasePerformance */; };
		32410F9C2AB58B0300A9184B /* FirebaseRemoteConfig in Frameworks */ = {isa = PBXBuildFile; productRef = 32410F9B2AB58B0300A9184B /* FirebaseRemoteConfig */; };
		32410F9E2AB58B0300A9184B /* FirebaseRemoteConfigSwift in Frameworks */ = {isa = PBXBuildFile; productRef = 32410F9D2AB58B0300A9184B /* FirebaseRemoteConfigSwift */; };
		32410FA02AB58B0300A9184B /* FirebaseStorage in Frameworks */ = {isa = PBXBuildFile; productRef = 32410F9F2AB58B0300A9184B /* FirebaseStorage */; };
		32410FA22AB58B0300A9184B /* FirebaseStorageCombine-Community in Frameworks */ = {isa = PBXBuildFile; productRef = 32410FA12AB58B0300A9184B /* FirebaseStorageCombine-Community */; };
		32F3B65D2AB6B6030075F5D7 /* Alamofire in Frameworks */ = {isa = PBXBuildFile; productRef = 32F3B65C2AB6B6030075F5D7 /* Alamofire */; };
/* End PBXBuildFile section */

/* Begin PBXFileReference section */
		32410F3E2AB4B9C900A9184B /* SST Alumni.app */ = {isa = PBXFileReference; explicitFileType = wrapper.application; includeInIndex = 0; path = "SST Alumni.app"; sourceTree = BUILT_PRODUCTS_DIR; };
/* End PBXFileReference section */

/* Begin PBXFileSystemSynchronizedRootGroup section */
		32D1BC292D9C444400C1B3A4 /* SST Alumni */ = {isa = PBXFileSystemSynchronizedRootGroup; explicitFileTypes = {}; explicitFolders = (); path = "SST Alumni"; sourceTree = "<group>"; };
/* End PBXFileSystemSynchronizedRootGroup section */

/* Begin PBXFrameworksBuildPhase section */
		32410F3B2AB4B9C900A9184B /* Frameworks */ = {
			isa = PBXFrameworksBuildPhase;
			buildActionMask = 2147483647;
			files = (
				32410F802AB58B0300A9184B /* FirebaseDatabase in Frameworks */,
				32F3B65D2AB6B6030075F5D7 /* Alamofire in Frameworks */,
				32410F8E2AB58B0300A9184B /* FirebaseFunctionsCombine-Community in Frameworks */,
				32410F862AB58B0300A9184B /* FirebaseFirestore in Frameworks */,
				32410F722AB58B0300A9184B /* FirebaseAnalyticsSwift in Frameworks */,
				32410F6E2AB58B0300A9184B /* FirebaseAnalytics in Frameworks */,
				32410F702AB58B0300A9184B /* FirebaseAnalyticsOnDeviceConversion in Frameworks */,
				32410F962AB58B0300A9184B /* FirebaseMLModelDownloader in Frameworks */,
				32410F8A2AB58B0300A9184B /* FirebaseFirestoreSwift in Frameworks */,
				32410F762AB58B0300A9184B /* FirebaseAppCheck in Frameworks */,
				323D34802AB97EA1001E1CBE /* ScreenCaptureRedaction in Frameworks */,
				32410F742AB58B0300A9184B /* FirebaseAnalyticsWithoutAdIdSupport in Frameworks */,
				32410F7A2AB58B0300A9184B /* FirebaseAuth in Frameworks */,
				32410F7E2AB58B0300A9184B /* FirebaseCrashlytics in Frameworks */,
				32410F9E2AB58B0300A9184B /* FirebaseRemoteConfigSwift in Frameworks */,
				32410F902AB58B0300A9184B /* FirebaseInAppMessaging-Beta in Frameworks */,
				32410F822AB58B0300A9184B /* FirebaseDatabaseSwift in Frameworks */,
				32410F8C2AB58B0300A9184B /* FirebaseFunctions in Frameworks */,
				32410FA22AB58B0300A9184B /* FirebaseStorageCombine-Community in Frameworks */,
				32410F9C2AB58B0300A9184B /* FirebaseRemoteConfig in Frameworks */,
				32410F782AB58B0300A9184B /* FirebaseAppDistribution-Beta in Frameworks */,
				32410F7C2AB58B0300A9184B /* FirebaseAuthCombine-Community in Frameworks */,
				32410F9A2AB58B0300A9184B /* FirebasePerformance in Frameworks */,
				32410F922AB58B0300A9184B /* FirebaseInAppMessagingSwift-Beta in Frameworks */,
				32410FA02AB58B0300A9184B /* FirebaseStorage in Frameworks */,
				32410F842AB58B0300A9184B /* FirebaseDynamicLinks in Frameworks */,
				32410F882AB58B0300A9184B /* FirebaseFirestoreCombine-Community in Frameworks */,
				32410F982AB58B0300A9184B /* FirebaseMessaging in Frameworks */,
				32410F942AB58B0300A9184B /* FirebaseInstallations in Frameworks */,
			);
			runOnlyForDeploymentPostprocessing = 0;
		};
/* End PBXFrameworksBuildPhase section */

/* Begin PBXGroup section */
		32410F352AB4B9C900A9184B = {
			isa = PBXGroup;
			children = (
				32D1BC292D9C444400C1B3A4 /* SST Alumni */,
				32410F3F2AB4B9C900A9184B /* Products */,
			);
			sourceTree = "<group>";
		};
		32410F3F2AB4B9C900A9184B /* Products */ = {
			isa = PBXGroup;
			children = (
				32410F3E2AB4B9C900A9184B /* SST Alumni.app */,
			);
			name = Products;
			sourceTree = "<group>";
		};
/* End PBXGroup section */

/* Begin PBXNativeTarget section */
		32410F3D2AB4B9C900A9184B /* SST Alumni */ = {
			isa = PBXNativeTarget;
			buildConfigurationList = 32410F4C2AB4B9CA00A9184B /* Build configuration list for PBXNativeTarget "SST Alumni" */;
			buildPhases = (
				32410F3A2AB4B9C900A9184B /* Sources */,
				32410F3B2AB4B9C900A9184B /* Frameworks */,
				32410F3C2AB4B9C900A9184B /* Resources */,
				3278F7D32AC0551500C936D1 /* Run SwiftLint */,
			);
			buildRules = (
			);
			dependencies = (
			);
			fileSystemSynchronizedGroups = (
				32D1BC292D9C444400C1B3A4 /* SST Alumni */,
			);
			name = "SST Alumni";
			packageProductDependencies = (
				32410F6D2AB58B0300A9184B /* FirebaseAnalytics */,
				32410F6F2AB58B0300A9184B /* FirebaseAnalyticsOnDeviceConversion */,
				32410F712AB58B0300A9184B /* FirebaseAnalyticsSwift */,
				32410F732AB58B0300A9184B /* FirebaseAnalyticsWithoutAdIdSupport */,
				32410F752AB58B0300A9184B /* FirebaseAppCheck */,
				32410F772AB58B0300A9184B /* FirebaseAppDistribution-Beta */,
				32410F792AB58B0300A9184B /* FirebaseAuth */,
				32410F7B2AB58B0300A9184B /* FirebaseAuthCombine-Community */,
				32410F7D2AB58B0300A9184B /* FirebaseCrashlytics */,
				32410F7F2AB58B0300A9184B /* FirebaseDatabase */,
				32410F812AB58B0300A9184B /* FirebaseDatabaseSwift */,
				32410F832AB58B0300A9184B /* FirebaseDynamicLinks */,
				32410F852AB58B0300A9184B /* FirebaseFirestore */,
				32410F872AB58B0300A9184B /* FirebaseFirestoreCombine-Community */,
				32410F892AB58B0300A9184B /* FirebaseFirestoreSwift */,
				32410F8B2AB58B0300A9184B /* FirebaseFunctions */,
				32410F8D2AB58B0300A9184B /* FirebaseFunctionsCombine-Community */,
				32410F8F2AB58B0300A9184B /* FirebaseInAppMessaging-Beta */,
				32410F912AB58B0300A9184B /* FirebaseInAppMessagingSwift-Beta */,
				32410F932AB58B0300A9184B /* FirebaseInstallations */,
				32410F952AB58B0300A9184B /* FirebaseMLModelDownloader */,
				32410F972AB58B0300A9184B /* FirebaseMessaging */,
				32410F992AB58B0300A9184B /* FirebasePerformance */,
				32410F9B2AB58B0300A9184B /* FirebaseRemoteConfig */,
				32410F9D2AB58B0300A9184B /* FirebaseRemoteConfigSwift */,
				32410F9F2AB58B0300A9184B /* FirebaseStorage */,
				32410FA12AB58B0300A9184B /* FirebaseStorageCombine-Community */,
				32F3B65C2AB6B6030075F5D7 /* Alamofire */,
				323D347F2AB97EA1001E1CBE /* ScreenCaptureRedaction */,
			);
			productName = "SST Alumni";
			productReference = 32410F3E2AB4B9C900A9184B /* SST Alumni.app */;
			productType = "com.apple.product-type.application";
		};
/* End PBXNativeTarget section */

/* Begin PBXProject section */
		32410F362AB4B9C900A9184B /* Project object */ = {
			isa = PBXProject;
			attributes = {
				BuildIndependentTargetsInParallel = 1;
				LastSwiftUpdateCheck = 1500;
				LastUpgradeCheck = 1500;
				TargetAttributes = {
					32410F3D2AB4B9C900A9184B = {
						CreatedOnToolsVersion = 15.0;
					};
				};
			};
			buildConfigurationList = 32410F392AB4B9C900A9184B /* Build configuration list for PBXProject "SST Alumni" */;
			compatibilityVersion = "Xcode 14.0";
			developmentRegion = en;
			hasScannedForEncodings = 0;
			knownRegions = (
				en,
				Base,
			);
			mainGroup = 32410F352AB4B9C900A9184B;
			packageReferences = (
				32410F6C2AB58B0300A9184B /* XCRemoteSwiftPackageReference "firebase-ios-sdk" */,
				32F3B65B2AB6B6030075F5D7 /* XCRemoteSwiftPackageReference "Alamofire" */,
				323D347E2AB97EA1001E1CBE /* XCRemoteSwiftPackageReference "ScreenCaptureRedaction" */,
			);
			productRefGroup = 32410F3F2AB4B9C900A9184B /* Products */;
			projectDirPath = "";
			projectRoot = "";
			targets = (
				32410F3D2AB4B9C900A9184B /* SST Alumni */,
			);
		};
/* End PBXProject section */

/* Begin PBXResourcesBuildPhase section */
		32410F3C2AB4B9C900A9184B /* Resources */ = {
			isa = PBXResourcesBuildPhase;
			buildActionMask = 2147483647;
			files = (
			);
			runOnlyForDeploymentPostprocessing = 0;
		};
/* End PBXResourcesBuildPhase section */

/* Begin PBXShellScriptBuildPhase section */
		3278F7D32AC0551500C936D1 /* Run SwiftLint */ = {
			isa = PBXShellScriptBuildPhase;
			alwaysOutOfDate = 1;
			buildActionMask = 2147483647;
			files = (
			);
			inputFileListPaths = (
			);
			inputPaths = (
			);
			name = "Run SwiftLint";
			outputFileListPaths = (
			);
			outputPaths = (
			);
			runOnlyForDeploymentPostprocessing = 0;
			shellPath = /bin/sh;
			shellScript = "if [[ \"$(uname -m)\" == arm64 ]]; then\n    export PATH=\"/opt/homebrew/bin:$PATH\"\nfi\n\nif which swiftlint > /dev/null; then\n  swiftlint\nelse\n  echo \"warning: SwiftLint not installed, download from https://github.com/realm/SwiftLint\"\nfi\n";
		};
/* End PBXShellScriptBuildPhase section */

/* Begin PBXSourcesBuildPhase section */
		32410F3A2AB4B9C900A9184B /* Sources */ = {
			isa = PBXSourcesBuildPhase;
			buildActionMask = 2147483647;
			files = (
			);
			runOnlyForDeploymentPostprocessing = 0;
		};
/* End PBXSourcesBuildPhase section */

/* Begin XCBuildConfiguration section */
		32410F4A2AB4B9CA00A9184B /* Debug */ = {
			isa = XCBuildConfiguration;
			buildSettings = {
				ALWAYS_SEARCH_USER_PATHS = NO;
				ASSETCATALOG_COMPILER_GENERATE_SWIFT_ASSET_SYMBOL_EXTENSIONS = YES;
				CLANG_ANALYZER_NONNULL = YES;
				CLANG_ANALYZER_NUMBER_OBJECT_CONVERSION = YES_AGGRESSIVE;
				CLANG_CXX_LANGUAGE_STANDARD = "gnu++20";
				CLANG_ENABLE_MODULES = YES;
				CLANG_ENABLE_OBJC_ARC = YES;
				CLANG_ENABLE_OBJC_WEAK = YES;
				CLANG_WARN_BLOCK_CAPTURE_AUTORELEASING = YES;
				CLANG_WARN_BOOL_CONVERSION = YES;
				CLANG_WARN_COMMA = YES;
				CLANG_WARN_CONSTANT_CONVERSION = YES;
				CLANG_WARN_DEPRECATED_OBJC_IMPLEMENTATIONS = YES;
				CLANG_WARN_DIRECT_OBJC_ISA_USAGE = YES_ERROR;
				CLANG_WARN_DOCUMENTATION_COMMENTS = YES;
				CLANG_WARN_EMPTY_BODY = YES;
				CLANG_WARN_ENUM_CONVERSION = YES;
				CLANG_WARN_INFINITE_RECURSION = YES;
				CLANG_WARN_INT_CONVERSION = YES;
				CLANG_WARN_NON_LITERAL_NULL_CONVERSION = YES;
				CLANG_WARN_OBJC_IMPLICIT_RETAIN_SELF = YES;
				CLANG_WARN_OBJC_LITERAL_CONVERSION = YES;
				CLANG_WARN_OBJC_ROOT_CLASS = YES_ERROR;
				CLANG_WARN_QUOTED_INCLUDE_IN_FRAMEWORK_HEADER = YES;
				CLANG_WARN_RANGE_LOOP_ANALYSIS = YES;
				CLANG_WARN_STRICT_PROTOTYPES = YES;
				CLANG_WARN_SUSPICIOUS_MOVE = YES;
				CLANG_WARN_UNGUARDED_AVAILABILITY = YES_AGGRESSIVE;
				CLANG_WARN_UNREACHABLE_CODE = YES;
				CLANG_WARN__DUPLICATE_METHOD_MATCH = YES;
				COPY_PHASE_STRIP = NO;
				DEBUG_INFORMATION_FORMAT = dwarf;
				ENABLE_STRICT_OBJC_MSGSEND = YES;
				ENABLE_TESTABILITY = YES;
				ENABLE_USER_SCRIPT_SANDBOXING = YES;
				GCC_C_LANGUAGE_STANDARD = gnu17;
				GCC_DYNAMIC_NO_PIC = NO;
				GCC_NO_COMMON_BLOCKS = YES;
				GCC_OPTIMIZATION_LEVEL = 0;
				GCC_PREPROCESSOR_DEFINITIONS = (
					"DEBUG=1",
					"$(inherited)",
				);
				GCC_WARN_64_TO_32_BIT_CONVERSION = YES;
				GCC_WARN_ABOUT_RETURN_TYPE = YES_ERROR;
				GCC_WARN_UNDECLARED_SELECTOR = YES;
				GCC_WARN_UNINITIALIZED_AUTOS = YES_AGGRESSIVE;
				GCC_WARN_UNUSED_FUNCTION = YES;
				GCC_WARN_UNUSED_VARIABLE = YES;
				IPHONEOS_DEPLOYMENT_TARGET = 17.0;
				LOCALIZATION_PREFERS_STRING_CATALOGS = YES;
				MTL_ENABLE_DEBUG_INFO = INCLUDE_SOURCE;
				MTL_FAST_MATH = YES;
				ONLY_ACTIVE_ARCH = YES;
				SDKROOT = iphoneos;
				SWIFT_ACTIVE_COMPILATION_CONDITIONS = "DEBUG $(inherited)";
				SWIFT_OPTIMIZATION_LEVEL = "-Onone";
			};
			name = Debug;
		};
		32410F4B2AB4B9CA00A9184B /* Release */ = {
			isa = XCBuildConfiguration;
			buildSettings = {
				ALWAYS_SEARCH_USER_PATHS = NO;
				ASSETCATALOG_COMPILER_GENERATE_SWIFT_ASSET_SYMBOL_EXTENSIONS = YES;
				CLANG_ANALYZER_NONNULL = YES;
				CLANG_ANALYZER_NUMBER_OBJECT_CONVERSION = YES_AGGRESSIVE;
				CLANG_CXX_LANGUAGE_STANDARD = "gnu++20";
				CLANG_ENABLE_MODULES = YES;
				CLANG_ENABLE_OBJC_ARC = YES;
				CLANG_ENABLE_OBJC_WEAK = YES;
				CLANG_WARN_BLOCK_CAPTURE_AUTORELEASING = YES;
				CLANG_WARN_BOOL_CONVERSION = YES;
				CLANG_WARN_COMMA = YES;
				CLANG_WARN_CONSTANT_CONVERSION = YES;
				CLANG_WARN_DEPRECATED_OBJC_IMPLEMENTATIONS = YES;
				CLANG_WARN_DIRECT_OBJC_ISA_USAGE = YES_ERROR;
				CLANG_WARN_DOCUMENTATION_COMMENTS = YES;
				CLANG_WARN_EMPTY_BODY = YES;
				CLANG_WARN_ENUM_CONVERSION = YES;
				CLANG_WARN_INFINITE_RECURSION = YES;
				CLANG_WARN_INT_CONVERSION = YES;
				CLANG_WARN_NON_LITERAL_NULL_CONVERSION = YES;
				CLANG_WARN_OBJC_IMPLICIT_RETAIN_SELF = YES;
				CLANG_WARN_OBJC_LITERAL_CONVERSION = YES;
				CLANG_WARN_OBJC_ROOT_CLASS = YES_ERROR;
				CLANG_WARN_QUOTED_INCLUDE_IN_FRAMEWORK_HEADER = YES;
				CLANG_WARN_RANGE_LOOP_ANALYSIS = YES;
				CLANG_WARN_STRICT_PROTOTYPES = YES;
				CLANG_WARN_SUSPICIOUS_MOVE = YES;
				CLANG_WARN_UNGUARDED_AVAILABILITY = YES_AGGRESSIVE;
				CLANG_WARN_UNREACHABLE_CODE = YES;
				CLANG_WARN__DUPLICATE_METHOD_MATCH = YES;
				COPY_PHASE_STRIP = NO;
				DEBUG_INFORMATION_FORMAT = "dwarf-with-dsym";
				ENABLE_NS_ASSERTIONS = NO;
				ENABLE_STRICT_OBJC_MSGSEND = YES;
				ENABLE_USER_SCRIPT_SANDBOXING = YES;
				GCC_C_LANGUAGE_STANDARD = gnu17;
				GCC_NO_COMMON_BLOCKS = YES;
				GCC_WARN_64_TO_32_BIT_CONVERSION = YES;
				GCC_WARN_ABOUT_RETURN_TYPE = YES_ERROR;
				GCC_WARN_UNDECLARED_SELECTOR = YES;
				GCC_WARN_UNINITIALIZED_AUTOS = YES_AGGRESSIVE;
				GCC_WARN_UNUSED_FUNCTION = YES;
				GCC_WARN_UNUSED_VARIABLE = YES;
				IPHONEOS_DEPLOYMENT_TARGET = 17.0;
				LOCALIZATION_PREFERS_STRING_CATALOGS = YES;
				MTL_ENABLE_DEBUG_INFO = NO;
				MTL_FAST_MATH = YES;
				SDKROOT = iphoneos;
				SWIFT_COMPILATION_MODE = wholemodule;
				VALIDATE_PRODUCT = YES;
			};
			name = Release;
		};
		32410F4D2AB4B9CA00A9184B /* Debug */ = {
			isa = XCBuildConfiguration;
			buildSettings = {
				ASSETCATALOG_COMPILER_APPICON_NAME = AppIcon;
				ASSETCATALOG_COMPILER_GLOBAL_ACCENT_COLOR_NAME = AccentColor;
				CODE_SIGN_ENTITLEMENTS = "SST Alumni/SST Alumni.entitlements";
				CODE_SIGN_STYLE = Automatic;
				CURRENT_PROJECT_VERSION = 3;
				DEVELOPMENT_ASSET_PATHS = "\"SST Alumni/Preview Content\"";
				DEVELOPMENT_TEAM = 7K6ZTDFM48;
				ENABLE_PREVIEWS = YES;
				ENABLE_USER_SCRIPT_SANDBOXING = NO;
				GENERATE_INFOPLIST_FILE = YES;
				INFOPLIST_FILE = "";
				INFOPLIST_KEY_NSCameraUsageDescription = "Scan QR codes";
				INFOPLIST_KEY_NSFaceIDUsageDescription = "Face ID is required to access the virtual security access card.";
				INFOPLIST_KEY_NSLocationWhenInUseUsageDescription = "Security card can only be accessed while on campus.";
				INFOPLIST_KEY_UIApplicationSceneManifest_Generation = YES;
				INFOPLIST_KEY_UIApplicationSupportsIndirectInputEvents = YES;
				INFOPLIST_KEY_UILaunchScreen_Generation = YES;
				INFOPLIST_KEY_UISupportedInterfaceOrientations_iPad = "UIInterfaceOrientationPortrait UIInterfaceOrientationPortraitUpsideDown UIInterfaceOrientationLandscapeLeft UIInterfaceOrientationLandscapeRight";
				INFOPLIST_KEY_UISupportedInterfaceOrientations_iPhone = "UIInterfaceOrientationPortrait UIInterfaceOrientationLandscapeLeft UIInterfaceOrientationLandscapeRight";
				IPHONEOS_DEPLOYMENT_TARGET = 18.0;
				LD_RUNPATH_SEARCH_PATHS = (
					"$(inherited)",
					"@executable_path/Frameworks",
				);
				MARKETING_VERSION = 1.0;
				PRODUCT_BUNDLE_IDENTIFIER = "org.sstaa.SST-Alumni";
				PRODUCT_NAME = "$(TARGET_NAME)";
				SWIFT_EMIT_LOC_STRINGS = YES;
				SWIFT_VERSION = 5.0;
				TARGETED_DEVICE_FAMILY = "1,2";
			};
			name = Debug;
		};
		32410F4E2AB4B9CA00A9184B /* Release */ = {
			isa = XCBuildConfiguration;
			buildSettings = {
				ASSETCATALOG_COMPILER_APPICON_NAME = AppIcon;
				ASSETCATALOG_COMPILER_GLOBAL_ACCENT_COLOR_NAME = AccentColor;
				CODE_SIGN_ENTITLEMENTS = "SST Alumni/SST Alumni.entitlements";
				CODE_SIGN_STYLE = Automatic;
				CURRENT_PROJECT_VERSION = 3;
				DEVELOPMENT_ASSET_PATHS = "\"SST Alumni/Preview Content\"";
				DEVELOPMENT_TEAM = 7K6ZTDFM48;
				ENABLE_PREVIEWS = YES;
				ENABLE_USER_SCRIPT_SANDBOXING = NO;
				GENERATE_INFOPLIST_FILE = YES;
				INFOPLIST_FILE = "";
				INFOPLIST_KEY_NSCameraUsageDescription = "Scan QR codes";
				INFOPLIST_KEY_NSFaceIDUsageDescription = "Face ID is required to access the virtual security access card.";
				INFOPLIST_KEY_NSLocationWhenInUseUsageDescription = "Security card can only be accessed while on campus.";
				INFOPLIST_KEY_UIApplicationSceneManifest_Generation = YES;
				INFOPLIST_KEY_UIApplicationSupportsIndirectInputEvents = YES;
				INFOPLIST_KEY_UILaunchScreen_Generation = YES;
				INFOPLIST_KEY_UISupportedInterfaceOrientations_iPad = "UIInterfaceOrientationPortrait UIInterfaceOrientationPortraitUpsideDown UIInterfaceOrientationLandscapeLeft UIInterfaceOrientationLandscapeRight";
				INFOPLIST_KEY_UISupportedInterfaceOrientations_iPhone = "UIInterfaceOrientationPortrait UIInterfaceOrientationLandscapeLeft UIInterfaceOrientationLandscapeRight";
				IPHONEOS_DEPLOYMENT_TARGET = 18.0;
				LD_RUNPATH_SEARCH_PATHS = (
					"$(inherited)",
					"@executable_path/Frameworks",
				);
				MARKETING_VERSION = 1.0;
				PRODUCT_BUNDLE_IDENTIFIER = "org.sstaa.SST-Alumni";
				PRODUCT_NAME = "$(TARGET_NAME)";
				SWIFT_EMIT_LOC_STRINGS = YES;
				SWIFT_VERSION = 5.0;
				TARGETED_DEVICE_FAMILY = "1,2";
			};
			name = Release;
		};
/* End XCBuildConfiguration section */

/* Begin XCConfigurationList section */
		32410F392AB4B9C900A9184B /* Build configuration list for PBXProject "SST Alumni" */ = {
			isa = XCConfigurationList;
			buildConfigurations = (
				32410F4A2AB4B9CA00A9184B /* Debug */,
				32410F4B2AB4B9CA00A9184B /* Release */,
			);
			defaultConfigurationIsVisible = 0;
			defaultConfigurationName = Release;
		};
		32410F4C2AB4B9CA00A9184B /* Build configuration list for PBXNativeTarget "SST Alumni" */ = {
			isa = XCConfigurationList;
			buildConfigurations = (
				32410F4D2AB4B9CA00A9184B /* Debug */,
				32410F4E2AB4B9CA00A9184B /* Release */,
			);
			defaultConfigurationIsVisible = 0;
			defaultConfigurationName = Release;
		};
/* End XCConfigurationList section */

/* Begin XCRemoteSwiftPackageReference section */
		323D347E2AB97EA1001E1CBE /* XCRemoteSwiftPackageReference "ScreenCaptureRedaction" */ = {
			isa = XCRemoteSwiftPackageReference;
			repositoryURL = "https://github.com/jiachenyee/ScreenCaptureRedaction";
			requirement = {
				kind = upToNextMajorVersion;
				minimumVersion = 1.1.0;
			};
		};
		32410F6C2AB58B0300A9184B /* XCRemoteSwiftPackageReference "firebase-ios-sdk" */ = {
			isa = XCRemoteSwiftPackageReference;
			repositoryURL = "https://github.com/firebase/firebase-ios-sdk";
			requirement = {
				kind = upToNextMajorVersion;
				minimumVersion = 10.15.0;
			};
		};
		32F3B65B2AB6B6030075F5D7 /* XCRemoteSwiftPackageReference "Alamofire" */ = {
			isa = XCRemoteSwiftPackageReference;
			repositoryURL = "https://github.com/Alamofire/Alamofire";
			requirement = {
				kind = upToNextMajorVersion;
				minimumVersion = 5.8.0;
			};
		};
/* End XCRemoteSwiftPackageReference section */

/* Begin XCSwiftPackageProductDependency section */
		323D347F2AB97EA1001E1CBE /* ScreenCaptureRedaction */ = {
			isa = XCSwiftPackageProductDependency;
			package = 323D347E2AB97EA1001E1CBE /* XCRemoteSwiftPackageReference "ScreenCaptureRedaction" */;
			productName = ScreenCaptureRedaction;
		};
		32410F6D2AB58B0300A9184B /* FirebaseAnalytics */ = {
			isa = XCSwiftPackageProductDependency;
			package = 32410F6C2AB58B0300A9184B /* XCRemoteSwiftPackageReference "firebase-ios-sdk" */;
			productName = FirebaseAnalytics;
		};
		32410F6F2AB58B0300A9184B /* FirebaseAnalyticsOnDeviceConversion */ = {
			isa = XCSwiftPackageProductDependency;
			package = 32410F6C2AB58B0300A9184B /* XCRemoteSwiftPackageReference "firebase-ios-sdk" */;
			productName = FirebaseAnalyticsOnDeviceConversion;
		};
		32410F712AB58B0300A9184B /* FirebaseAnalyticsSwift */ = {
			isa = XCSwiftPackageProductDependency;
			package = 32410F6C2AB58B0300A9184B /* XCRemoteSwiftPackageReference "firebase-ios-sdk" */;
			productName = FirebaseAnalyticsSwift;
		};
		32410F732AB58B0300A9184B /* FirebaseAnalyticsWithoutAdIdSupport */ = {
			isa = XCSwiftPackageProductDependency;
			package = 32410F6C2AB58B0300A9184B /* XCRemoteSwiftPackageReference "firebase-ios-sdk" */;
			productName = FirebaseAnalyticsWithoutAdIdSupport;
		};
		32410F752AB58B0300A9184B /* FirebaseAppCheck */ = {
			isa = XCSwiftPackageProductDependency;
			package = 32410F6C2AB58B0300A9184B /* XCRemoteSwiftPackageReference "firebase-ios-sdk" */;
			productName = FirebaseAppCheck;
		};
		32410F772AB58B0300A9184B /* FirebaseAppDistribution-Beta */ = {
			isa = XCSwiftPackageProductDependency;
			package = 32410F6C2AB58B0300A9184B /* XCRemoteSwiftPackageReference "firebase-ios-sdk" */;
			productName = "FirebaseAppDistribution-Beta";
		};
		32410F792AB58B0300A9184B /* FirebaseAuth */ = {
			isa = XCSwiftPackageProductDependency;
			package = 32410F6C2AB58B0300A9184B /* XCRemoteSwiftPackageReference "firebase-ios-sdk" */;
			productName = FirebaseAuth;
		};
		32410F7B2AB58B0300A9184B /* FirebaseAuthCombine-Community */ = {
			isa = XCSwiftPackageProductDependency;
			package = 32410F6C2AB58B0300A9184B /* XCRemoteSwiftPackageReference "firebase-ios-sdk" */;
			productName = "FirebaseAuthCombine-Community";
		};
		32410F7D2AB58B0300A9184B /* FirebaseCrashlytics */ = {
			isa = XCSwiftPackageProductDependency;
			package = 32410F6C2AB58B0300A9184B /* XCRemoteSwiftPackageReference "firebase-ios-sdk" */;
			productName = FirebaseCrashlytics;
		};
		32410F7F2AB58B0300A9184B /* FirebaseDatabase */ = {
			isa = XCSwiftPackageProductDependency;
			package = 32410F6C2AB58B0300A9184B /* XCRemoteSwiftPackageReference "firebase-ios-sdk" */;
			productName = FirebaseDatabase;
		};
		32410F812AB58B0300A9184B /* FirebaseDatabaseSwift */ = {
			isa = XCSwiftPackageProductDependency;
			package = 32410F6C2AB58B0300A9184B /* XCRemoteSwiftPackageReference "firebase-ios-sdk" */;
			productName = FirebaseDatabaseSwift;
		};
		32410F832AB58B0300A9184B /* FirebaseDynamicLinks */ = {
			isa = XCSwiftPackageProductDependency;
			package = 32410F6C2AB58B0300A9184B /* XCRemoteSwiftPackageReference "firebase-ios-sdk" */;
			productName = FirebaseDynamicLinks;
		};
		32410F852AB58B0300A9184B /* FirebaseFirestore */ = {
			isa = XCSwiftPackageProductDependency;
			package = 32410F6C2AB58B0300A9184B /* XCRemoteSwiftPackageReference "firebase-ios-sdk" */;
			productName = FirebaseFirestore;
		};
		32410F872AB58B0300A9184B /* FirebaseFirestoreCombine-Community */ = {
			isa = XCSwiftPackageProductDependency;
			package = 32410F6C2AB58B0300A9184B /* XCRemoteSwiftPackageReference "firebase-ios-sdk" */;
			productName = "FirebaseFirestoreCombine-Community";
		};
		32410F892AB58B0300A9184B /* FirebaseFirestoreSwift */ = {
			isa = XCSwiftPackageProductDependency;
			package = 32410F6C2AB58B0300A9184B /* XCRemoteSwiftPackageReference "firebase-ios-sdk" */;
			productName = FirebaseFirestoreSwift;
		};
		32410F8B2AB58B0300A9184B /* FirebaseFunctions */ = {
			isa = XCSwiftPackageProductDependency;
			package = 32410F6C2AB58B0300A9184B /* XCRemoteSwiftPackageReference "firebase-ios-sdk" */;
			productName = FirebaseFunctions;
		};
		32410F8D2AB58B0300A9184B /* FirebaseFunctionsCombine-Community */ = {
			isa = XCSwiftPackageProductDependency;
			package = 32410F6C2AB58B0300A9184B /* XCRemoteSwiftPackageReference "firebase-ios-sdk" */;
			productName = "FirebaseFunctionsCombine-Community";
		};
		32410F8F2AB58B0300A9184B /* FirebaseInAppMessaging-Beta */ = {
			isa = XCSwiftPackageProductDependency;
			package = 32410F6C2AB58B0300A9184B /* XCRemoteSwiftPackageReference "firebase-ios-sdk" */;
			productName = "FirebaseInAppMessaging-Beta";
		};
		32410F912AB58B0300A9184B /* FirebaseInAppMessagingSwift-Beta */ = {
			isa = XCSwiftPackageProductDependency;
			package = 32410F6C2AB58B0300A9184B /* XCRemoteSwiftPackageReference "firebase-ios-sdk" */;
			productName = "FirebaseInAppMessagingSwift-Beta";
		};
		32410F932AB58B0300A9184B /* FirebaseInstallations */ = {
			isa = XCSwiftPackageProductDependency;
			package = 32410F6C2AB58B0300A9184B /* XCRemoteSwiftPackageReference "firebase-ios-sdk" */;
			productName = FirebaseInstallations;
		};
		32410F952AB58B0300A9184B /* FirebaseMLModelDownloader */ = {
			isa = XCSwiftPackageProductDependency;
			package = 32410F6C2AB58B0300A9184B /* XCRemoteSwiftPackageReference "firebase-ios-sdk" */;
			productName = FirebaseMLModelDownloader;
		};
		32410F972AB58B0300A9184B /* FirebaseMessaging */ = {
			isa = XCSwiftPackageProductDependency;
			package = 32410F6C2AB58B0300A9184B /* XCRemoteSwiftPackageReference "firebase-ios-sdk" */;
			productName = FirebaseMessaging;
		};
		32410F992AB58B0300A9184B /* FirebasePerformance */ = {
			isa = XCSwiftPackageProductDependency;
			package = 32410F6C2AB58B0300A9184B /* XCRemoteSwiftPackageReference "firebase-ios-sdk" */;
			productName = FirebasePerformance;
		};
		32410F9B2AB58B0300A9184B /* FirebaseRemoteConfig */ = {
			isa = XCSwiftPackageProductDependency;
			package = 32410F6C2AB58B0300A9184B /* XCRemoteSwiftPackageReference "firebase-ios-sdk" */;
			productName = FirebaseRemoteConfig;
		};
		32410F9D2AB58B0300A9184B /* FirebaseRemoteConfigSwift */ = {
			isa = XCSwiftPackageProductDependency;
			package = 32410F6C2AB58B0300A9184B /* XCRemoteSwiftPackageReference "firebase-ios-sdk" */;
			productName = FirebaseRemoteConfigSwift;
		};
		32410F9F2AB58B0300A9184B /* FirebaseStorage */ = {
			isa = XCSwiftPackageProductDependency;
			package = 32410F6C2AB58B0300A9184B /* XCRemoteSwiftPackageReference "firebase-ios-sdk" */;
			productName = FirebaseStorage;
		};
		32410FA12AB58B0300A9184B /* FirebaseStorageCombine-Community */ = {
			isa = XCSwiftPackageProductDependency;
			package = 32410F6C2AB58B0300A9184B /* XCRemoteSwiftPackageReference "firebase-ios-sdk" */;
			productName = "FirebaseStorageCombine-Community";
		};
		32F3B65C2AB6B6030075F5D7 /* Alamofire */ = {
			isa = XCSwiftPackageProductDependency;
			package = 32F3B65B2AB6B6030075F5D7 /* XCRemoteSwiftPackageReference "Alamofire" */;
			productName = Alamofire;
		};
/* End XCSwiftPackageProductDependency section */
	};
	rootObject = 32410F362AB4B9C900A9184B /* Project object */;
}
