// !$*UTF8*$!
{
	archiveVersion = 1;
	classes = {
	};
	objectVersion = 56;
	objects = {

/* Begin PBXBuildFile section */
		32410F422AB4B9C900A9184B /* SST_AlumniApp.swift in Sources */ = {isa = PBXBuildFile; fileRef = 32410F412AB4B9C900A9184B /* SST_AlumniApp.swift */; };
		32410F442AB4B9C900A9184B /* ContentView.swift in Sources */ = {isa = PBXBuildFile; fileRef = 32410F432AB4B9C900A9184B /* ContentView.swift */; };
		32410F462AB4B9CA00A9184B /* Assets.xcassets in Resources */ = {isa = PBXBuildFile; fileRef = 32410F452AB4B9CA00A9184B /* Assets.xcassets */; };
		32410F492AB4B9CA00A9184B /* Preview Assets.xcassets in Resources */ = {isa = PBXBuildFile; fileRef = 32410F482AB4B9CA00A9184B /* Preview Assets.xcassets */; };
		32410F502AB4B9DD00A9184B /* CardView.swift in Sources */ = {isa = PBXBuildFile; fileRef = 32410F4F2AB4B9DD00A9184B /* CardView.swift */; };
		32410F522AB4BA7E00A9184B /* UserData.swift in Sources */ = {isa = PBXBuildFile; fileRef = 32410F512AB4BA7E00A9184B /* UserData.swift */; };
		32410F542AB4BFAC00A9184B /* HomeView.swift in Sources */ = {isa = PBXBuildFile; fileRef = 32410F532AB4BFAC00A9184B /* HomeView.swift */; };
		32410F562AB4C3F500A9184B /* AlumniServicesView.swift in Sources */ = {isa = PBXBuildFile; fileRef = 32410F552AB4C3F500A9184B /* AlumniServicesView.swift */; };
		32410F582AB4C42F00A9184B /* EventsView.swift in Sources */ = {isa = PBXBuildFile; fileRef = 32410F572AB4C42F00A9184B /* EventsView.swift */; };
		32410F5A2AB4C48A00A9184B /* AlumniServicesRowView.swift in Sources */ = {isa = PBXBuildFile; fileRef = 32410F592AB4C48A00A9184B /* AlumniServicesRowView.swift */; };
		32410F5C2AB4C9E700A9184B /* SSTAARSView.swift in Sources */ = {isa = PBXBuildFile; fileRef = 32410F5B2AB4C9E700A9184B /* SSTAARSView.swift */; };
		32410F602AB4D0F200A9184B /* CardExpandedView.swift in Sources */ = {isa = PBXBuildFile; fileRef = 32410F5F2AB4D0F200A9184B /* CardExpandedView.swift */; };
		32410F642AB4D7AB00A9184B /* SSTAARSEventView.swift in Sources */ = {isa = PBXBuildFile; fileRef = 32410F632AB4D7AB00A9184B /* SSTAARSEventView.swift */; };
		32410F662AB568D400A9184B /* NewsArticle.swift in Sources */ = {isa = PBXBuildFile; fileRef = 32410F652AB568D400A9184B /* NewsArticle.swift */; };
		32410F692AB5695E00A9184B /* NewsArticleView.swift in Sources */ = {isa = PBXBuildFile; fileRef = 32410F682AB5695E00A9184B /* NewsArticleView.swift */; };
		32410F6B2AB569FB00A9184B /* NewsArticleSectionView.swift in Sources */ = {isa = PBXBuildFile; fileRef = 32410F6A2AB569FB00A9184B /* NewsArticleSectionView.swift */; };
		32410F6E2AB58B0300A9184B /* FirebaseAnalytics in Frameworks */ = {isa = PBXBuildFile; productRef = 32410F6D2AB58B0300A9184B /* FirebaseAnalytics */; };
		32410F702AB58B0300A9184B /* FirebaseAnalyticsOnDeviceConversion in Frameworks */ = {isa = PBXBuildFile; productRef = 32410F6F2AB58B0300A9184B /* FirebaseAnalyticsOnDeviceConversion */; };
		32410F722AB58B0300A9184B /* FirebaseAnalyticsSwift in Frameworks */ = {isa = PBXBuildFile; productRef = 32410F712AB58B0300A9184B /* FirebaseAnalyticsSwift */; };
		32410F742AB58B0300A9184B /* FirebaseAnalyticsWithoutAdIdSupport in Frameworks */ = {isa = PBXBuildFile; productRef = 32410F732AB58B0300A9184B /* FirebaseAnalyticsWithoutAdIdSupport */; };
		32410F762AB58B0300A9184B /* FirebaseAppCheck in Frameworks */ = {isa = PBXBuildFile; productRef = 32410F752AB58B0300A9184B /* FirebaseAppCheck */; };
		32410F782AB58B0300A9184B /* FirebaseAppDistribution-Beta in Frameworks */ = {isa = PBXBuildFile; productRef = 32410F772AB58B0300A9184B /* FirebaseAppDistribution-Beta */; };
		32410F7A2AB58B0300A9184B /* FirebaseAuth in Frameworks */ = {isa = PBXBuildFile; productRef = 32410F792AB58B0300A9184B /* FirebaseAuth */; };
		32410F7C2AB58B0300A9184B /* FirebaseAuthCombine-Community in Frameworks */ = {isa = PBXBuildFile; productRef = 32410F7B2AB58B0300A9184B /* FirebaseAuthCombine-Community */; };
		32410F7E2AB58B0300A9184B /* FirebaseCrashlytics in Frameworks */ = {isa = PBXBuildFile; productRef = 32410F7D2AB58B0300A9184B /* FirebaseCrashlytics */; };
		32410F802AB58B0300A9184B /* FirebaseDatabase in Frameworks */ = {isa = PBXBuildFile; productRef = 32410F7F2AB58B0300A9184B /* FirebaseDatabase */; };
		32410F822AB58B0300A9184B /* FirebaseDatabaseSwift in Frameworks */ = {isa = PBXBuildFile; productRef = 32410F812AB58B0300A9184B /* FirebaseDatabaseSwift */; };
		32410F842AB58B0300A9184B /* FirebaseDynamicLinks in Frameworks */ = {isa = PBXBuildFile; productRef = 32410F832AB58B0300A9184B /* FirebaseDynamicLinks */; };
		32410F862AB58B0300A9184B /* FirebaseFirestore in Frameworks */ = {isa = PBXBuildFile; productRef = 32410F852AB58B0300A9184B /* FirebaseFirestore */; };
		32410F882AB58B0300A9184B /* FirebaseFirestoreCombine-Community in Frameworks */ = {isa = PBXBuildFile; productRef = 32410F872AB58B0300A9184B /* FirebaseFirestoreCombine-Community */; };
		32410F8A2AB58B0300A9184B /* FirebaseFirestoreSwift in Frameworks */ = {isa = PBXBuildFile; productRef = 32410F892AB58B0300A9184B /* FirebaseFirestoreSwift */; };
		32410F8C2AB58B0300A9184B /* FirebaseFunctions in Frameworks */ = {isa = PBXBuildFile; productRef = 32410F8B2AB58B0300A9184B /* FirebaseFunctions */; };
		32410F8E2AB58B0300A9184B /* FirebaseFunctionsCombine-Community in Frameworks */ = {isa = PBXBuildFile; productRef = 32410F8D2AB58B0300A9184B /* FirebaseFunctionsCombine-Community */; };
		32410F902AB58B0300A9184B /* FirebaseInAppMessaging-Beta in Frameworks */ = {isa = PBXBuildFile; productRef = 32410F8F2AB58B0300A9184B /* FirebaseInAppMessaging-Beta */; };
		32410F922AB58B0300A9184B /* FirebaseInAppMessagingSwift-Beta in Frameworks */ = {isa = PBXBuildFile; productRef = 32410F912AB58B0300A9184B /* FirebaseInAppMessagingSwift-Beta */; };
		32410F942AB58B0300A9184B /* FirebaseInstallations in Frameworks */ = {isa = PBXBuildFile; productRef = 32410F932AB58B0300A9184B /* FirebaseInstallations */; };
		32410F962AB58B0300A9184B /* FirebaseMLModelDownloader in Frameworks */ = {isa = PBXBuildFile; productRef = 32410F952AB58B0300A9184B /* FirebaseMLModelDownloader */; };
		32410F982AB58B0300A9184B /* FirebaseMessaging in Frameworks */ = {isa = PBXBuildFile; productRef = 32410F972AB58B0300A9184B /* FirebaseMessaging */; };
		32410F9A2AB58B0300A9184B /* FirebasePerformance in Frameworks */ = {isa = PBXBuildFile; productRef = 32410F992AB58B0300A9184B /* FirebasePerformance */; };
		32410F9C2AB58B0300A9184B /* FirebaseRemoteConfig in Frameworks */ = {isa = PBXBuildFile; productRef = 32410F9B2AB58B0300A9184B /* FirebaseRemoteConfig */; };
		32410F9E2AB58B0300A9184B /* FirebaseRemoteConfigSwift in Frameworks */ = {isa = PBXBuildFile; productRef = 32410F9D2AB58B0300A9184B /* FirebaseRemoteConfigSwift */; };
		32410FA02AB58B0300A9184B /* FirebaseStorage in Frameworks */ = {isa = PBXBuildFile; productRef = 32410F9F2AB58B0300A9184B /* FirebaseStorage */; };
		32410FA22AB58B0300A9184B /* FirebaseStorageCombine-Community in Frameworks */ = {isa = PBXBuildFile; productRef = 32410FA12AB58B0300A9184B /* FirebaseStorageCombine-Community */; };
		32410FA42AB58B6200A9184B /* GoogleService-Info.plist in Resources */ = {isa = PBXBuildFile; fileRef = 32410FA32AB58B6200A9184B /* GoogleService-Info.plist */; };
		32410FA62AB5EBBA00A9184B /* MemberType.swift in Sources */ = {isa = PBXBuildFile; fileRef = 32410FA52AB5EBBA00A9184B /* MemberType.swift */; };
		32410FA92AB5F51B00A9184B /* UserManager.swift in Sources */ = {isa = PBXBuildFile; fileRef = 32410FA82AB5F51B00A9184B /* UserManager.swift */; };
		32410FAC2AB6002E00A9184B /* SecurityAccessManager.swift in Sources */ = {isa = PBXBuildFile; fileRef = 32410FAB2AB6002E00A9184B /* SecurityAccessManager.swift */; };
		32410FAE2AB6004400A9184B /* SecurityAccessState.swift in Sources */ = {isa = PBXBuildFile; fileRef = 32410FAD2AB6004400A9184B /* SecurityAccessState.swift */; };
		32410FB02AB6008B00A9184B /* SecurityAccessManager+LocalAuthentication.swift in Sources */ = {isa = PBXBuildFile; fileRef = 32410FAF2AB6008B00A9184B /* SecurityAccessManager+LocalAuthentication.swift */; };
		32410FB32AB6050B00A9184B /* Constants+CLLocationCoordinate2D.swift in Sources */ = {isa = PBXBuildFile; fileRef = 32410FB22AB6050B00A9184B /* Constants+CLLocationCoordinate2D.swift */; };
		32410FB52AB60C2A00A9184B /* LocationValidationManager.swift in Sources */ = {isa = PBXBuildFile; fileRef = 32410FB42AB60C2A00A9184B /* LocationValidationManager.swift */; };
		32410FB82AB60D1C00A9184B /* BiometricAuthenticationState.swift in Sources */ = {isa = PBXBuildFile; fileRef = 32410FB72AB60D1C00A9184B /* BiometricAuthenticationState.swift */; };
		32410FBA2AB60D2C00A9184B /* LocationValidationState.swift in Sources */ = {isa = PBXBuildFile; fileRef = 32410FB92AB60D2C00A9184B /* LocationValidationState.swift */; };
		32F3B6452AB629360075F5D7 /* SecurityAccessStatusView.swift in Sources */ = {isa = PBXBuildFile; fileRef = 32F3B6442AB629360075F5D7 /* SecurityAccessStatusView.swift */; };
		32F3B6472AB629D80075F5D7 /* SecurityAccessAdmittedView.swift in Sources */ = {isa = PBXBuildFile; fileRef = 32F3B6462AB629D80075F5D7 /* SecurityAccessAdmittedView.swift */; };
		32F3B6492AB62A240075F5D7 /* SecurityAccessDeniedView.swift in Sources */ = {isa = PBXBuildFile; fileRef = 32F3B6482AB62A240075F5D7 /* SecurityAccessDeniedView.swift */; };
		32F3B64D2AB63EC70075F5D7 /* ScreenCaptureRedactionView.swift in Sources */ = {isa = PBXBuildFile; fileRef = 32F3B64C2AB63EC70075F5D7 /* ScreenCaptureRedactionView.swift */; };
		32F3B64F2AB6A8EB0075F5D7 /* SSTAAAnimatedLogo.swift in Sources */ = {isa = PBXBuildFile; fileRef = 32F3B64E2AB6A8EB0075F5D7 /* SSTAAAnimatedLogo.swift */; };
		32F3B6542AB6AEC40075F5D7 /* ConfettiUIView.swift in Sources */ = {isa = PBXBuildFile; fileRef = 32F3B6522AB6AEC40075F5D7 /* ConfettiUIView.swift */; };
		32F3B6552AB6AEC40075F5D7 /* ConfettiView.swift in Sources */ = {isa = PBXBuildFile; fileRef = 32F3B6532AB6AEC40075F5D7 /* ConfettiView.swift */; };
		32F3B65A2AB6B40E0075F5D7 /* SSTAAAppCheckProviderFactory.swift in Sources */ = {isa = PBXBuildFile; fileRef = 32F3B6592AB6B40E0075F5D7 /* SSTAAAppCheckProviderFactory.swift */; };
		32F3B65D2AB6B6030075F5D7 /* Alamofire in Frameworks */ = {isa = PBXBuildFile; productRef = 32F3B65C2AB6B6030075F5D7 /* Alamofire */; };
		32F3B6612AB6BD530075F5D7 /* OnboardingView.swift in Sources */ = {isa = PBXBuildFile; fileRef = 32F3B6602AB6BD530075F5D7 /* OnboardingView.swift */; };
		32F3B6642AB711910075F5D7 /* SSTAARSManager.swift in Sources */ = {isa = PBXBuildFile; fileRef = 32F3B6632AB711910075F5D7 /* SSTAARSManager.swift */; };
		32F3B6662AB711A10075F5D7 /* Constants+URL.swift in Sources */ = {isa = PBXBuildFile; fileRef = 32F3B6652AB711A10075F5D7 /* Constants+URL.swift */; };
		32F3B6682AB713730075F5D7 /* Event.swift in Sources */ = {isa = PBXBuildFile; fileRef = 32F3B6672AB713730075F5D7 /* Event.swift */; };
		32F3B66A2AB717090075F5D7 /* SSTAARSEventConfirmationView.swift in Sources */ = {isa = PBXBuildFile; fileRef = 32F3B6692AB717090075F5D7 /* SSTAARSEventConfirmationView.swift */; };
		32F3B66C2AB74DD30075F5D7 /* EventAttendee.swift in Sources */ = {isa = PBXBuildFile; fileRef = 32F3B66B2AB74DD30075F5D7 /* EventAttendee.swift */; };
/* End PBXBuildFile section */

/* Begin PBXFileReference section */
		32410F3E2AB4B9C900A9184B /* SST Alumni.app */ = {isa = PBXFileReference; explicitFileType = wrapper.application; includeInIndex = 0; path = "SST Alumni.app"; sourceTree = BUILT_PRODUCTS_DIR; };
		32410F412AB4B9C900A9184B /* SST_AlumniApp.swift */ = {isa = PBXFileReference; lastKnownFileType = sourcecode.swift; path = SST_AlumniApp.swift; sourceTree = "<group>"; };
		32410F432AB4B9C900A9184B /* ContentView.swift */ = {isa = PBXFileReference; lastKnownFileType = sourcecode.swift; path = ContentView.swift; sourceTree = "<group>"; };
		32410F452AB4B9CA00A9184B /* Assets.xcassets */ = {isa = PBXFileReference; lastKnownFileType = folder.assetcatalog; path = Assets.xcassets; sourceTree = "<group>"; };
		32410F482AB4B9CA00A9184B /* Preview Assets.xcassets */ = {isa = PBXFileReference; lastKnownFileType = folder.assetcatalog; path = "Preview Assets.xcassets"; sourceTree = "<group>"; };
		32410F4F2AB4B9DD00A9184B /* CardView.swift */ = {isa = PBXFileReference; lastKnownFileType = sourcecode.swift; path = CardView.swift; sourceTree = "<group>"; };
		32410F512AB4BA7E00A9184B /* UserData.swift */ = {isa = PBXFileReference; lastKnownFileType = sourcecode.swift; path = UserData.swift; sourceTree = "<group>"; };
		32410F532AB4BFAC00A9184B /* HomeView.swift */ = {isa = PBXFileReference; lastKnownFileType = sourcecode.swift; path = HomeView.swift; sourceTree = "<group>"; };
		32410F552AB4C3F500A9184B /* AlumniServicesView.swift */ = {isa = PBXFileReference; lastKnownFileType = sourcecode.swift; path = AlumniServicesView.swift; sourceTree = "<group>"; };
		32410F572AB4C42F00A9184B /* EventsView.swift */ = {isa = PBXFileReference; lastKnownFileType = sourcecode.swift; path = EventsView.swift; sourceTree = "<group>"; };
		32410F592AB4C48A00A9184B /* AlumniServicesRowView.swift */ = {isa = PBXFileReference; lastKnownFileType = sourcecode.swift; path = AlumniServicesRowView.swift; sourceTree = "<group>"; };
		32410F5B2AB4C9E700A9184B /* SSTAARSView.swift */ = {isa = PBXFileReference; lastKnownFileType = sourcecode.swift; path = SSTAARSView.swift; sourceTree = "<group>"; };
		32410F5F2AB4D0F200A9184B /* CardExpandedView.swift */ = {isa = PBXFileReference; lastKnownFileType = sourcecode.swift; path = CardExpandedView.swift; sourceTree = "<group>"; };
		32410F632AB4D7AB00A9184B /* SSTAARSEventView.swift */ = {isa = PBXFileReference; lastKnownFileType = sourcecode.swift; path = SSTAARSEventView.swift; sourceTree = "<group>"; };
		32410F652AB568D400A9184B /* NewsArticle.swift */ = {isa = PBXFileReference; lastKnownFileType = sourcecode.swift; path = NewsArticle.swift; sourceTree = "<group>"; };
		32410F682AB5695E00A9184B /* NewsArticleView.swift */ = {isa = PBXFileReference; lastKnownFileType = sourcecode.swift; path = NewsArticleView.swift; sourceTree = "<group>"; };
		32410F6A2AB569FB00A9184B /* NewsArticleSectionView.swift */ = {isa = PBXFileReference; lastKnownFileType = sourcecode.swift; path = NewsArticleSectionView.swift; sourceTree = "<group>"; };
		32410FA32AB58B6200A9184B /* GoogleService-Info.plist */ = {isa = PBXFileReference; fileEncoding = 4; lastKnownFileType = text.plist.xml; path = "GoogleService-Info.plist"; sourceTree = "<group>"; };
		32410FA52AB5EBBA00A9184B /* MemberType.swift */ = {isa = PBXFileReference; lastKnownFileType = sourcecode.swift; path = MemberType.swift; sourceTree = "<group>"; };
		32410FA82AB5F51B00A9184B /* UserManager.swift */ = {isa = PBXFileReference; lastKnownFileType = sourcecode.swift; path = UserManager.swift; sourceTree = "<group>"; };
		32410FAB2AB6002E00A9184B /* SecurityAccessManager.swift */ = {isa = PBXFileReference; lastKnownFileType = sourcecode.swift; path = SecurityAccessManager.swift; sourceTree = "<group>"; };
		32410FAD2AB6004400A9184B /* SecurityAccessState.swift */ = {isa = PBXFileReference; lastKnownFileType = sourcecode.swift; path = SecurityAccessState.swift; sourceTree = "<group>"; };
		32410FAF2AB6008B00A9184B /* SecurityAccessManager+LocalAuthentication.swift */ = {isa = PBXFileReference; lastKnownFileType = sourcecode.swift; path = "SecurityAccessManager+LocalAuthentication.swift"; sourceTree = "<group>"; };
		32410FB22AB6050B00A9184B /* Constants+CLLocationCoordinate2D.swift */ = {isa = PBXFileReference; lastKnownFileType = sourcecode.swift; path = "Constants+CLLocationCoordinate2D.swift"; sourceTree = "<group>"; };
		32410FB42AB60C2A00A9184B /* LocationValidationManager.swift */ = {isa = PBXFileReference; lastKnownFileType = sourcecode.swift; path = LocationValidationManager.swift; sourceTree = "<group>"; };
		32410FB72AB60D1C00A9184B /* BiometricAuthenticationState.swift */ = {isa = PBXFileReference; lastKnownFileType = sourcecode.swift; path = BiometricAuthenticationState.swift; sourceTree = "<group>"; };
		32410FB92AB60D2C00A9184B /* LocationValidationState.swift */ = {isa = PBXFileReference; lastKnownFileType = sourcecode.swift; path = LocationValidationState.swift; sourceTree = "<group>"; };
		32F3B6442AB629360075F5D7 /* SecurityAccessStatusView.swift */ = {isa = PBXFileReference; lastKnownFileType = sourcecode.swift; path = SecurityAccessStatusView.swift; sourceTree = "<group>"; };
		32F3B6462AB629D80075F5D7 /* SecurityAccessAdmittedView.swift */ = {isa = PBXFileReference; lastKnownFileType = sourcecode.swift; path = SecurityAccessAdmittedView.swift; sourceTree = "<group>"; };
		32F3B6482AB62A240075F5D7 /* SecurityAccessDeniedView.swift */ = {isa = PBXFileReference; lastKnownFileType = sourcecode.swift; path = SecurityAccessDeniedView.swift; sourceTree = "<group>"; };
		32F3B64C2AB63EC70075F5D7 /* ScreenCaptureRedactionView.swift */ = {isa = PBXFileReference; lastKnownFileType = sourcecode.swift; path = ScreenCaptureRedactionView.swift; sourceTree = "<group>"; };
		32F3B64E2AB6A8EB0075F5D7 /* SSTAAAnimatedLogo.swift */ = {isa = PBXFileReference; lastKnownFileType = sourcecode.swift; path = SSTAAAnimatedLogo.swift; sourceTree = "<group>"; };
		32F3B6522AB6AEC40075F5D7 /* ConfettiUIView.swift */ = {isa = PBXFileReference; fileEncoding = 4; lastKnownFileType = sourcecode.swift; path = ConfettiUIView.swift; sourceTree = "<group>"; };
		32F3B6532AB6AEC40075F5D7 /* ConfettiView.swift */ = {isa = PBXFileReference; fileEncoding = 4; lastKnownFileType = sourcecode.swift; path = ConfettiView.swift; sourceTree = "<group>"; };
		32F3B6572AB6B3A50075F5D7 /* SST Alumni.entitlements */ = {isa = PBXFileReference; lastKnownFileType = text.plist.entitlements; path = "SST Alumni.entitlements"; sourceTree = "<group>"; };
		32F3B6592AB6B40E0075F5D7 /* SSTAAAppCheckProviderFactory.swift */ = {isa = PBXFileReference; lastKnownFileType = sourcecode.swift; path = SSTAAAppCheckProviderFactory.swift; sourceTree = "<group>"; };
		32F3B6602AB6BD530075F5D7 /* OnboardingView.swift */ = {isa = PBXFileReference; lastKnownFileType = sourcecode.swift; path = OnboardingView.swift; sourceTree = "<group>"; };
		32F3B6622AB6E6E10075F5D7 /* SST-Alumni-Info.plist */ = {isa = PBXFileReference; lastKnownFileType = text.plist; path = "SST-Alumni-Info.plist"; sourceTree = SOURCE_ROOT; };
		32F3B6632AB711910075F5D7 /* SSTAARSManager.swift */ = {isa = PBXFileReference; lastKnownFileType = sourcecode.swift; path = SSTAARSManager.swift; sourceTree = "<group>"; };
		32F3B6652AB711A10075F5D7 /* Constants+URL.swift */ = {isa = PBXFileReference; lastKnownFileType = sourcecode.swift; path = "Constants+URL.swift"; sourceTree = "<group>"; };
		32F3B6672AB713730075F5D7 /* Event.swift */ = {isa = PBXFileReference; lastKnownFileType = sourcecode.swift; path = Event.swift; sourceTree = "<group>"; };
		32F3B6692AB717090075F5D7 /* SSTAARSEventConfirmationView.swift */ = {isa = PBXFileReference; lastKnownFileType = sourcecode.swift; path = SSTAARSEventConfirmationView.swift; sourceTree = "<group>"; };
		32F3B66B2AB74DD30075F5D7 /* EventAttendee.swift */ = {isa = PBXFileReference; lastKnownFileType = sourcecode.swift; path = EventAttendee.swift; sourceTree = "<group>"; };
/* End PBXFileReference section */

/* Begin PBXFrameworksBuildPhase section */
		32410F3B2AB4B9C900A9184B /* Frameworks */ = {
			isa = PBXFrameworksBuildPhase;
			buildActionMask = 2147483647;
			files = (
				32410F802AB58B0300A9184B /* FirebaseDatabase in Frameworks */,
				32F3B65D2AB6B6030075F5D7 /* Alamofire in Frameworks */,
				32410F8E2AB58B0300A9184B /* FirebaseFunctionsCombine-Community in Frameworks */,
				32410F862AB58B0300A9184B /* FirebaseFirestore in Frameworks */,
				32410F722AB58B0300A9184B /* FirebaseAnalyticsSwift in Frameworks */,
				32410F6E2AB58B0300A9184B /* FirebaseAnalytics in Frameworks */,
				32410F702AB58B0300A9184B /* FirebaseAnalyticsOnDeviceConversion in Frameworks */,
				32410F962AB58B0300A9184B /* FirebaseMLModelDownloader in Frameworks */,
				32410F8A2AB58B0300A9184B /* FirebaseFirestoreSwift in Frameworks */,
				32410F762AB58B0300A9184B /* FirebaseAppCheck in Frameworks */,
				32410F742AB58B0300A9184B /* FirebaseAnalyticsWithoutAdIdSupport in Frameworks */,
				32410F7A2AB58B0300A9184B /* FirebaseAuth in Frameworks */,
				32410F7E2AB58B0300A9184B /* FirebaseCrashlytics in Frameworks */,
				32410F9E2AB58B0300A9184B /* FirebaseRemoteConfigSwift in Frameworks */,
				32410F902AB58B0300A9184B /* FirebaseInAppMessaging-Beta in Frameworks */,
				32410F822AB58B0300A9184B /* FirebaseDatabaseSwift in Frameworks */,
				32410F8C2AB58B0300A9184B /* FirebaseFunctions in Frameworks */,
				32410FA22AB58B0300A9184B /* FirebaseStorageCombine-Community in Frameworks */,
				32410F9C2AB58B0300A9184B /* FirebaseRemoteConfig in Frameworks */,
				32410F782AB58B0300A9184B /* FirebaseAppDistribution-Beta in Frameworks */,
				32410F7C2AB58B0300A9184B /* FirebaseAuthCombine-Community in Frameworks */,
				32410F9A2AB58B0300A9184B /* FirebasePerformance in Frameworks */,
				32410F922AB58B0300A9184B /* FirebaseInAppMessagingSwift-Beta in Frameworks */,
				32410FA02AB58B0300A9184B /* FirebaseStorage in Frameworks */,
				32410F842AB58B0300A9184B /* FirebaseDynamicLinks in Frameworks */,
				32410F882AB58B0300A9184B /* FirebaseFirestoreCombine-Community in Frameworks */,
				32410F982AB58B0300A9184B /* FirebaseMessaging in Frameworks */,
				32410F942AB58B0300A9184B /* FirebaseInstallations in Frameworks */,
			);
			runOnlyForDeploymentPostprocessing = 0;
		};
/* End PBXFrameworksBuildPhase section */

/* Begin PBXGroup section */
		32410F352AB4B9C900A9184B = {
			isa = PBXGroup;
			children = (
				32410F402AB4B9C900A9184B /* SST Alumni */,
				32410F3F2AB4B9C900A9184B /* Products */,
			);
			sourceTree = "<group>";
		};
		32410F3F2AB4B9C900A9184B /* Products */ = {
			isa = PBXGroup;
			children = (
				32410F3E2AB4B9C900A9184B /* SST Alumni.app */,
			);
			name = Products;
			sourceTree = "<group>";
		};
		32410F402AB4B9C900A9184B /* SST Alumni */ = {
			isa = PBXGroup;
			children = (
				32F3B6622AB6E6E10075F5D7 /* SST-Alumni-Info.plist */,
				32F3B6572AB6B3A50075F5D7 /* SST Alumni.entitlements */,
				32410F412AB4B9C900A9184B /* SST_AlumniApp.swift */,
				32F3B6582AB6B3FF0075F5D7 /* App Check */,
				32410FB12AB6050200A9184B /* Constants */,
				32410F612AB4D74100A9184B /* Views */,
				32410F672AB5694900A9184B /* Models */,
				32410F452AB4B9CA00A9184B /* Assets.xcassets */,
				32410FAA2AB5FFEA00A9184B /* View Models */,
				32410FA32AB58B6200A9184B /* GoogleService-Info.plist */,
				32410F472AB4B9CA00A9184B /* Preview Content */,
			);
			path = "SST Alumni";
			sourceTree = "<group>";
		};
		32410F472AB4B9CA00A9184B /* Preview Content */ = {
			isa = PBXGroup;
			children = (
				32410F482AB4B9CA00A9184B /* Preview Assets.xcassets */,
			);
			path = "Preview Content";
			sourceTree = "<group>";
		};
		32410F612AB4D74100A9184B /* Views */ = {
			isa = PBXGroup;
			children = (
				32410F432AB4B9C900A9184B /* ContentView.swift */,
				32F3B6602AB6BD530075F5D7 /* OnboardingView.swift */,
				32410FA72AB5F41800A9184B /* Home */,
				32410F552AB4C3F500A9184B /* AlumniServicesView.swift */,
				32410F592AB4C48A00A9184B /* AlumniServicesRowView.swift */,
				32410F572AB4C42F00A9184B /* EventsView.swift */,
				32410F4F2AB4B9DD00A9184B /* CardView.swift */,
				32410F622AB4D74800A9184B /* SSTAARS */,
			);
			path = Views;
			sourceTree = "<group>";
		};
		32410F622AB4D74800A9184B /* SSTAARS */ = {
			isa = PBXGroup;
			children = (
				32410F5B2AB4C9E700A9184B /* SSTAARSView.swift */,
				32410F632AB4D7AB00A9184B /* SSTAARSEventView.swift */,
				32F3B6692AB717090075F5D7 /* SSTAARSEventConfirmationView.swift */,
			);
			path = SSTAARS;
			sourceTree = "<group>";
		};
		32410F672AB5694900A9184B /* Models */ = {
			isa = PBXGroup;
			children = (
				32410F512AB4BA7E00A9184B /* UserData.swift */,
				32410FA52AB5EBBA00A9184B /* MemberType.swift */,
				32410F652AB568D400A9184B /* NewsArticle.swift */,
				32410FAD2AB6004400A9184B /* SecurityAccessState.swift */,
				32410FB92AB60D2C00A9184B /* LocationValidationState.swift */,
				32410FB72AB60D1C00A9184B /* BiometricAuthenticationState.swift */,
				32F3B6672AB713730075F5D7 /* Event.swift */,
				32F3B66B2AB74DD30075F5D7 /* EventAttendee.swift */,
			);
			path = Models;
			sourceTree = "<group>";
		};
		32410FA72AB5F41800A9184B /* Home */ = {
			isa = PBXGroup;
			children = (
				32410F532AB4BFAC00A9184B /* HomeView.swift */,
				32410F6A2AB569FB00A9184B /* NewsArticleSectionView.swift */,
				32410F682AB5695E00A9184B /* NewsArticleView.swift */,
				32F3B64B2AB62A660075F5D7 /* Security Card */,
			);
			path = Home;
			sourceTree = "<group>";
		};
		32410FAA2AB5FFEA00A9184B /* View Models */ = {
			isa = PBXGroup;
			children = (
				32410FA82AB5F51B00A9184B /* UserManager.swift */,
				32F3B6632AB711910075F5D7 /* SSTAARSManager.swift */,
				32410FB62AB60C3800A9184B /* Security Access Manager */,
			);
			path = "View Models";
			sourceTree = "<group>";
		};
		32410FB12AB6050200A9184B /* Constants */ = {
			isa = PBXGroup;
			children = (
				32410FB22AB6050B00A9184B /* Constants+CLLocationCoordinate2D.swift */,
				32F3B6652AB711A10075F5D7 /* Constants+URL.swift */,
			);
			path = Constants;
			sourceTree = "<group>";
		};
		32410FB62AB60C3800A9184B /* Security Access Manager */ = {
			isa = PBXGroup;
			children = (
				32410FAB2AB6002E00A9184B /* SecurityAccessManager.swift */,
				32410FAF2AB6008B00A9184B /* SecurityAccessManager+LocalAuthentication.swift */,
				32410FB42AB60C2A00A9184B /* LocationValidationManager.swift */,
			);
			path = "Security Access Manager";
			sourceTree = "<group>";
		};
		32F3B64A2AB62A600075F5D7 /* SecurityAccessStatusView */ = {
			isa = PBXGroup;
			children = (
				32F3B6442AB629360075F5D7 /* SecurityAccessStatusView.swift */,
				32F3B6482AB62A240075F5D7 /* SecurityAccessDeniedView.swift */,
				32F3B6462AB629D80075F5D7 /* SecurityAccessAdmittedView.swift */,
				32F3B64C2AB63EC70075F5D7 /* ScreenCaptureRedactionView.swift */,
			);
			path = SecurityAccessStatusView;
			sourceTree = "<group>";
		};
		32F3B64B2AB62A660075F5D7 /* Security Card */ = {
			isa = PBXGroup;
			children = (
				32410F5F2AB4D0F200A9184B /* CardExpandedView.swift */,
				32F3B64E2AB6A8EB0075F5D7 /* SSTAAAnimatedLogo.swift */,
				32F3B6562AB6B0D10075F5D7 /* Confetti */,
				32F3B64A2AB62A600075F5D7 /* SecurityAccessStatusView */,
			);
			path = "Security Card";
			sourceTree = "<group>";
		};
		32F3B6562AB6B0D10075F5D7 /* Confetti */ = {
			isa = PBXGroup;
			children = (
				32F3B6522AB6AEC40075F5D7 /* ConfettiUIView.swift */,
				32F3B6532AB6AEC40075F5D7 /* ConfettiView.swift */,
			);
			path = Confetti;
			sourceTree = "<group>";
		};
		32F3B6582AB6B3FF0075F5D7 /* App Check */ = {
			isa = PBXGroup;
			children = (
				32F3B6592AB6B40E0075F5D7 /* SSTAAAppCheckProviderFactory.swift */,
			);
			path = "App Check";
			sourceTree = "<group>";
		};
/* End PBXGroup section */

/* Begin PBXNativeTarget section */
		32410F3D2AB4B9C900A9184B /* SST Alumni */ = {
			isa = PBXNativeTarget;
			buildConfigurationList = 32410F4C2AB4B9CA00A9184B /* Build configuration list for PBXNativeTarget "SST Alumni" */;
			buildPhases = (
				32410F3A2AB4B9C900A9184B /* Sources */,
				32410F3B2AB4B9C900A9184B /* Frameworks */,
				32410F3C2AB4B9C900A9184B /* Resources */,
			);
			buildRules = (
			);
			dependencies = (
			);
			name = "SST Alumni";
			packageProductDependencies = (
				32410F6D2AB58B0300A9184B /* FirebaseAnalytics */,
				32410F6F2AB58B0300A9184B /* FirebaseAnalyticsOnDeviceConversion */,
				32410F712AB58B0300A9184B /* FirebaseAnalyticsSwift */,
				32410F732AB58B0300A9184B /* FirebaseAnalyticsWithoutAdIdSupport */,
				32410F752AB58B0300A9184B /* FirebaseAppCheck */,
				32410F772AB58B0300A9184B /* FirebaseAppDistribution-Beta */,
				32410F792AB58B0300A9184B /* FirebaseAuth */,
				32410F7B2AB58B0300A9184B /* FirebaseAuthCombine-Community */,
				32410F7D2AB58B0300A9184B /* FirebaseCrashlytics */,
				32410F7F2AB58B0300A9184B /* FirebaseDatabase */,
				32410F812AB58B0300A9184B /* FirebaseDatabaseSwift */,
				32410F832AB58B0300A9184B /* FirebaseDynamicLinks */,
				32410F852AB58B0300A9184B /* FirebaseFirestore */,
				32410F872AB58B0300A9184B /* FirebaseFirestoreCombine-Community */,
				32410F892AB58B0300A9184B /* FirebaseFirestoreSwift */,
				32410F8B2AB58B0300A9184B /* FirebaseFunctions */,
				32410F8D2AB58B0300A9184B /* FirebaseFunctionsCombine-Community */,
				32410F8F2AB58B0300A9184B /* FirebaseInAppMessaging-Beta */,
				32410F912AB58B0300A9184B /* FirebaseInAppMessagingSwift-Beta */,
				32410F932AB58B0300A9184B /* FirebaseInstallations */,
				32410F952AB58B0300A9184B /* FirebaseMLModelDownloader */,
				32410F972AB58B0300A9184B /* FirebaseMessaging */,
				32410F992AB58B0300A9184B /* FirebasePerformance */,
				32410F9B2AB58B0300A9184B /* FirebaseRemoteConfig */,
				32410F9D2AB58B0300A9184B /* FirebaseRemoteConfigSwift */,
				32410F9F2AB58B0300A9184B /* FirebaseStorage */,
				32410FA12AB58B0300A9184B /* FirebaseStorageCombine-Community */,
				32F3B65C2AB6B6030075F5D7 /* Alamofire */,
			);
			productName = "SST Alumni";
			productReference = 32410F3E2AB4B9C900A9184B /* SST Alumni.app */;
			productType = "com.apple.product-type.application";
		};
/* End PBXNativeTarget section */

/* Begin PBXProject section */
		32410F362AB4B9C900A9184B /* Project object */ = {
			isa = PBXProject;
			attributes = {
				BuildIndependentTargetsInParallel = 1;
				LastSwiftUpdateCheck = 1500;
				LastUpgradeCheck = 1500;
				TargetAttributes = {
					32410F3D2AB4B9C900A9184B = {
						CreatedOnToolsVersion = 15.0;
					};
				};
			};
			buildConfigurationList = 32410F392AB4B9C900A9184B /* Build configuration list for PBXProject "SST Alumni" */;
			compatibilityVersion = "Xcode 14.0";
			developmentRegion = en;
			hasScannedForEncodings = 0;
			knownRegions = (
				en,
				Base,
			);
			mainGroup = 32410F352AB4B9C900A9184B;
			packageReferences = (
				32410F6C2AB58B0300A9184B /* XCRemoteSwiftPackageReference "firebase-ios-sdk" */,
				32F3B65B2AB6B6030075F5D7 /* XCRemoteSwiftPackageReference "Alamofire" */,
			);
			productRefGroup = 32410F3F2AB4B9C900A9184B /* Products */;
			projectDirPath = "";
			projectRoot = "";
			targets = (
				32410F3D2AB4B9C900A9184B /* SST Alumni */,
			);
		};
/* End PBXProject section */

/* Begin PBXResourcesBuildPhase section */
		32410F3C2AB4B9C900A9184B /* Resources */ = {
			isa = PBXResourcesBuildPhase;
			buildActionMask = 2147483647;
			files = (
				32410F492AB4B9CA00A9184B /* Preview Assets.xcassets in Resources */,
				32410F462AB4B9CA00A9184B /* Assets.xcassets in Resources */,
				32410FA42AB58B6200A9184B /* GoogleService-Info.plist in Resources */,
			);
			runOnlyForDeploymentPostprocessing = 0;
		};
/* End PBXResourcesBuildPhase section */

/* Begin PBXSourcesBuildPhase section */
		32410F3A2AB4B9C900A9184B /* Sources */ = {
			isa = PBXSourcesBuildPhase;
			buildActionMask = 2147483647;
			files = (
				32410FBA2AB60D2C00A9184B /* LocationValidationState.swift in Sources */,
				32410FB82AB60D1C00A9184B /* BiometricAuthenticationState.swift in Sources */,
				32410F642AB4D7AB00A9184B /* SSTAARSEventView.swift in Sources */,
				32410FB52AB60C2A00A9184B /* LocationValidationManager.swift in Sources */,
				32F3B66A2AB717090075F5D7 /* SSTAARSEventConfirmationView.swift in Sources */,
				32F3B6642AB711910075F5D7 /* SSTAARSManager.swift in Sources */,
				32410F662AB568D400A9184B /* NewsArticle.swift in Sources */,
				32F3B64D2AB63EC70075F5D7 /* ScreenCaptureRedactionView.swift in Sources */,
				32410F522AB4BA7E00A9184B /* UserData.swift in Sources */,
				32410F582AB4C42F00A9184B /* EventsView.swift in Sources */,
				32410F602AB4D0F200A9184B /* CardExpandedView.swift in Sources */,
				32410FAE2AB6004400A9184B /* SecurityAccessState.swift in Sources */,
				32410F442AB4B9C900A9184B /* ContentView.swift in Sources */,
				32F3B6452AB629360075F5D7 /* SecurityAccessStatusView.swift in Sources */,
				32410FA92AB5F51B00A9184B /* UserManager.swift in Sources */,
				32F3B6612AB6BD530075F5D7 /* OnboardingView.swift in Sources */,
				32F3B65A2AB6B40E0075F5D7 /* SSTAAAppCheckProviderFactory.swift in Sources */,
				32410F6B2AB569FB00A9184B /* NewsArticleSectionView.swift in Sources */,
				32410F692AB5695E00A9184B /* NewsArticleView.swift in Sources */,
				32410F5A2AB4C48A00A9184B /* AlumniServicesRowView.swift in Sources */,
				32F3B6682AB713730075F5D7 /* Event.swift in Sources */,
				32410F502AB4B9DD00A9184B /* CardView.swift in Sources */,
				32410F542AB4BFAC00A9184B /* HomeView.swift in Sources */,
				32F3B6662AB711A10075F5D7 /* Constants+URL.swift in Sources */,
				32F3B6552AB6AEC40075F5D7 /* ConfettiView.swift in Sources */,
				32F3B6472AB629D80075F5D7 /* SecurityAccessAdmittedView.swift in Sources */,
				32410FA62AB5EBBA00A9184B /* MemberType.swift in Sources */,
				32410F5C2AB4C9E700A9184B /* SSTAARSView.swift in Sources */,
				32410FAC2AB6002E00A9184B /* SecurityAccessManager.swift in Sources */,
				32F3B66C2AB74DD30075F5D7 /* EventAttendee.swift in Sources */,
				32F3B64F2AB6A8EB0075F5D7 /* SSTAAAnimatedLogo.swift in Sources */,
				32410FB02AB6008B00A9184B /* SecurityAccessManager+LocalAuthentication.swift in Sources */,
				32410F562AB4C3F500A9184B /* AlumniServicesView.swift in Sources */,
				32F3B6492AB62A240075F5D7 /* SecurityAccessDeniedView.swift in Sources */,
				32410F422AB4B9C900A9184B /* SST_AlumniApp.swift in Sources */,
				32410FB32AB6050B00A9184B /* Constants+CLLocationCoordinate2D.swift in Sources */,
				32F3B6542AB6AEC40075F5D7 /* ConfettiUIView.swift in Sources */,
			);
			runOnlyForDeploymentPostprocessing = 0;
		};
/* End PBXSourcesBuildPhase section */

/* Begin XCBuildConfiguration section */
		32410F4A2AB4B9CA00A9184B /* Debug */ = {
			isa = XCBuildConfiguration;
			buildSettings = {
				ALWAYS_SEARCH_USER_PATHS = NO;
				ASSETCATALOG_COMPILER_GENERATE_SWIFT_ASSET_SYMBOL_EXTENSIONS = YES;
				CLANG_ANALYZER_NONNULL = YES;
				CLANG_ANALYZER_NUMBER_OBJECT_CONVERSION = YES_AGGRESSIVE;
				CLANG_CXX_LANGUAGE_STANDARD = "gnu++20";
				CLANG_ENABLE_MODULES = YES;
				CLANG_ENABLE_OBJC_ARC = YES;
				CLANG_ENABLE_OBJC_WEAK = YES;
				CLANG_WARN_BLOCK_CAPTURE_AUTORELEASING = YES;
				CLANG_WARN_BOOL_CONVERSION = YES;
				CLANG_WARN_COMMA = YES;
				CLANG_WARN_CONSTANT_CONVERSION = YES;
				CLANG_WARN_DEPRECATED_OBJC_IMPLEMENTATIONS = YES;
				CLANG_WARN_DIRECT_OBJC_ISA_USAGE = YES_ERROR;
				CLANG_WARN_DOCUMENTATION_COMMENTS = YES;
				CLANG_WARN_EMPTY_BODY = YES;
				CLANG_WARN_ENUM_CONVERSION = YES;
				CLANG_WARN_INFINITE_RECURSION = YES;
				CLANG_WARN_INT_CONVERSION = YES;
				CLANG_WARN_NON_LITERAL_NULL_CONVERSION = YES;
				CLANG_WARN_OBJC_IMPLICIT_RETAIN_SELF = YES;
				CLANG_WARN_OBJC_LITERAL_CONVERSION = YES;
				CLANG_WARN_OBJC_ROOT_CLASS = YES_ERROR;
				CLANG_WARN_QUOTED_INCLUDE_IN_FRAMEWORK_HEADER = YES;
				CLANG_WARN_RANGE_LOOP_ANALYSIS = YES;
				CLANG_WARN_STRICT_PROTOTYPES = YES;
				CLANG_WARN_SUSPICIOUS_MOVE = YES;
				CLANG_WARN_UNGUARDED_AVAILABILITY = YES_AGGRESSIVE;
				CLANG_WARN_UNREACHABLE_CODE = YES;
				CLANG_WARN__DUPLICATE_METHOD_MATCH = YES;
				COPY_PHASE_STRIP = NO;
				DEBUG_INFORMATION_FORMAT = dwarf;
				ENABLE_STRICT_OBJC_MSGSEND = YES;
				ENABLE_TESTABILITY = YES;
				ENABLE_USER_SCRIPT_SANDBOXING = YES;
				GCC_C_LANGUAGE_STANDARD = gnu17;
				GCC_DYNAMIC_NO_PIC = NO;
				GCC_NO_COMMON_BLOCKS = YES;
				GCC_OPTIMIZATION_LEVEL = 0;
				GCC_PREPROCESSOR_DEFINITIONS = (
					"DEBUG=1",
					"$(inherited)",
				);
				GCC_WARN_64_TO_32_BIT_CONVERSION = YES;
				GCC_WARN_ABOUT_RETURN_TYPE = YES_ERROR;
				GCC_WARN_UNDECLARED_SELECTOR = YES;
				GCC_WARN_UNINITIALIZED_AUTOS = YES_AGGRESSIVE;
				GCC_WARN_UNUSED_FUNCTION = YES;
				GCC_WARN_UNUSED_VARIABLE = YES;
				IPHONEOS_DEPLOYMENT_TARGET = 17.0;
				LOCALIZATION_PREFERS_STRING_CATALOGS = YES;
				MTL_ENABLE_DEBUG_INFO = INCLUDE_SOURCE;
				MTL_FAST_MATH = YES;
				ONLY_ACTIVE_ARCH = YES;
				SDKROOT = iphoneos;
				SWIFT_ACTIVE_COMPILATION_CONDITIONS = "DEBUG $(inherited)";
				SWIFT_OPTIMIZATION_LEVEL = "-Onone";
			};
			name = Debug;
		};
		32410F4B2AB4B9CA00A9184B /* Release */ = {
			isa = XCBuildConfiguration;
			buildSettings = {
				ALWAYS_SEARCH_USER_PATHS = NO;
				ASSETCATALOG_COMPILER_GENERATE_SWIFT_ASSET_SYMBOL_EXTENSIONS = YES;
				CLANG_ANALYZER_NONNULL = YES;
				CLANG_ANALYZER_NUMBER_OBJECT_CONVERSION = YES_AGGRESSIVE;
				CLANG_CXX_LANGUAGE_STANDARD = "gnu++20";
				CLANG_ENABLE_MODULES = YES;
				CLANG_ENABLE_OBJC_ARC = YES;
				CLANG_ENABLE_OBJC_WEAK = YES;
				CLANG_WARN_BLOCK_CAPTURE_AUTORELEASING = YES;
				CLANG_WARN_BOOL_CONVERSION = YES;
				CLANG_WARN_COMMA = YES;
				CLANG_WARN_CONSTANT_CONVERSION = YES;
				CLANG_WARN_DEPRECATED_OBJC_IMPLEMENTATIONS = YES;
				CLANG_WARN_DIRECT_OBJC_ISA_USAGE = YES_ERROR;
				CLANG_WARN_DOCUMENTATION_COMMENTS = YES;
				CLANG_WARN_EMPTY_BODY = YES;
				CLANG_WARN_ENUM_CONVERSION = YES;
				CLANG_WARN_INFINITE_RECURSION = YES;
				CLANG_WARN_INT_CONVERSION = YES;
				CLANG_WARN_NON_LITERAL_NULL_CONVERSION = YES;
				CLANG_WARN_OBJC_IMPLICIT_RETAIN_SELF = YES;
				CLANG_WARN_OBJC_LITERAL_CONVERSION = YES;
				CLANG_WARN_OBJC_ROOT_CLASS = YES_ERROR;
				CLANG_WARN_QUOTED_INCLUDE_IN_FRAMEWORK_HEADER = YES;
				CLANG_WARN_RANGE_LOOP_ANALYSIS = YES;
				CLANG_WARN_STRICT_PROTOTYPES = YES;
				CLANG_WARN_SUSPICIOUS_MOVE = YES;
				CLANG_WARN_UNGUARDED_AVAILABILITY = YES_AGGRESSIVE;
				CLANG_WARN_UNREACHABLE_CODE = YES;
				CLANG_WARN__DUPLICATE_METHOD_MATCH = YES;
				COPY_PHASE_STRIP = NO;
				DEBUG_INFORMATION_FORMAT = "dwarf-with-dsym";
				ENABLE_NS_ASSERTIONS = NO;
				ENABLE_STRICT_OBJC_MSGSEND = YES;
				ENABLE_USER_SCRIPT_SANDBOXING = YES;
				GCC_C_LANGUAGE_STANDARD = gnu17;
				GCC_NO_COMMON_BLOCKS = YES;
				GCC_WARN_64_TO_32_BIT_CONVERSION = YES;
				GCC_WARN_ABOUT_RETURN_TYPE = YES_ERROR;
				GCC_WARN_UNDECLARED_SELECTOR = YES;
				GCC_WARN_UNINITIALIZED_AUTOS = YES_AGGRESSIVE;
				GCC_WARN_UNUSED_FUNCTION = YES;
				GCC_WARN_UNUSED_VARIABLE = YES;
				IPHONEOS_DEPLOYMENT_TARGET = 17.0;
				LOCALIZATION_PREFERS_STRING_CATALOGS = YES;
				MTL_ENABLE_DEBUG_INFO = NO;
				MTL_FAST_MATH = YES;
				SDKROOT = iphoneos;
				SWIFT_COMPILATION_MODE = wholemodule;
				VALIDATE_PRODUCT = YES;
			};
			name = Release;
		};
		32410F4D2AB4B9CA00A9184B /* Debug */ = {
			isa = XCBuildConfiguration;
			buildSettings = {
				ASSETCATALOG_COMPILER_APPICON_NAME = AppIcon;
				ASSETCATALOG_COMPILER_GLOBAL_ACCENT_COLOR_NAME = AccentColor;
				CODE_SIGN_ENTITLEMENTS = "SST Alumni/SST Alumni.entitlements";
				CODE_SIGN_STYLE = Automatic;
				CURRENT_PROJECT_VERSION = 1;
				DEVELOPMENT_ASSET_PATHS = "\"SST Alumni/Preview Content\"";
				DEVELOPMENT_TEAM = 7K6ZTDFM48;
				ENABLE_PREVIEWS = YES;
				GENERATE_INFOPLIST_FILE = YES;
				INFOPLIST_FILE = "SST-Alumni-Info.plist";
				INFOPLIST_KEY_NSFaceIDUsageDescription = "Face ID is required to access the virtual security access card.";
				INFOPLIST_KEY_NSLocationWhenInUseUsageDescription = "Security card can only be accessed while on campus.";
				INFOPLIST_KEY_UIApplicationSceneManifest_Generation = YES;
				INFOPLIST_KEY_UIApplicationSupportsIndirectInputEvents = YES;
				INFOPLIST_KEY_UILaunchScreen_Generation = YES;
				INFOPLIST_KEY_UISupportedInterfaceOrientations_iPad = "UIInterfaceOrientationPortrait UIInterfaceOrientationPortraitUpsideDown UIInterfaceOrientationLandscapeLeft UIInterfaceOrientationLandscapeRight";
				INFOPLIST_KEY_UISupportedInterfaceOrientations_iPhone = "UIInterfaceOrientationPortrait UIInterfaceOrientationLandscapeLeft UIInterfaceOrientationLandscapeRight";
				IPHONEOS_DEPLOYMENT_TARGET = 16.0;
				LD_RUNPATH_SEARCH_PATHS = (
					"$(inherited)",
					"@executable_path/Frameworks",
				);
				MARKETING_VERSION = 1.0;
				PRODUCT_BUNDLE_IDENTIFIER = "org.sstaa.SST-Alumni";
				PRODUCT_NAME = "$(TARGET_NAME)";
				SWIFT_EMIT_LOC_STRINGS = YES;
				SWIFT_VERSION = 5.0;
				TARGETED_DEVICE_FAMILY = "1,2";
			};
			name = Debug;
		};
		32410F4E2AB4B9CA00A9184B /* Release */ = {
			isa = XCBuildConfiguration;
			buildSettings = {
				ASSETCATALOG_COMPILER_APPICON_NAME = AppIcon;
				ASSETCATALOG_COMPILER_GLOBAL_ACCENT_COLOR_NAME = AccentColor;
				CODE_SIGN_ENTITLEMENTS = "SST Alumni/SST Alumni.entitlements";
				CODE_SIGN_STYLE = Automatic;
				CURRENT_PROJECT_VERSION = 1;
				DEVELOPMENT_ASSET_PATHS = "\"SST Alumni/Preview Content\"";
				DEVELOPMENT_TEAM = 7K6ZTDFM48;
				ENABLE_PREVIEWS = YES;
				GENERATE_INFOPLIST_FILE = YES;
				INFOPLIST_FILE = "SST-Alumni-Info.plist";
				INFOPLIST_KEY_NSFaceIDUsageDescription = "Face ID is required to access the virtual security access card.";
				INFOPLIST_KEY_NSLocationWhenInUseUsageDescription = "Security card can only be accessed while on campus.";
				INFOPLIST_KEY_UIApplicationSceneManifest_Generation = YES;
				INFOPLIST_KEY_UIApplicationSupportsIndirectInputEvents = YES;
				INFOPLIST_KEY_UILaunchScreen_Generation = YES;
				INFOPLIST_KEY_UISupportedInterfaceOrientations_iPad = "UIInterfaceOrientationPortrait UIInterfaceOrientationPortraitUpsideDown UIInterfaceOrientationLandscapeLeft UIInterfaceOrientationLandscapeRight";
				INFOPLIST_KEY_UISupportedInterfaceOrientations_iPhone = "UIInterfaceOrientationPortrait UIInterfaceOrientationLandscapeLeft UIInterfaceOrientationLandscapeRight";
				IPHONEOS_DEPLOYMENT_TARGET = 16.0;
				LD_RUNPATH_SEARCH_PATHS = (
					"$(inherited)",
					"@executable_path/Frameworks",
				);
				MARKETING_VERSION = 1.0;
				PRODUCT_BUNDLE_IDENTIFIER = "org.sstaa.SST-Alumni";
				PRODUCT_NAME = "$(TARGET_NAME)";
				SWIFT_EMIT_LOC_STRINGS = YES;
				SWIFT_VERSION = 5.0;
				TARGETED_DEVICE_FAMILY = "1,2";
			};
			name = Release;
		};
/* End XCBuildConfiguration section */

/* Begin XCConfigurationList section */
		32410F392AB4B9C900A9184B /* Build configuration list for PBXProject "SST Alumni" */ = {
			isa = XCConfigurationList;
			buildConfigurations = (
				32410F4A2AB4B9CA00A9184B /* Debug */,
				32410F4B2AB4B9CA00A9184B /* Release */,
			);
			defaultConfigurationIsVisible = 0;
			defaultConfigurationName = Release;
		};
		32410F4C2AB4B9CA00A9184B /* Build configuration list for PBXNativeTarget "SST Alumni" */ = {
			isa = XCConfigurationList;
			buildConfigurations = (
				32410F4D2AB4B9CA00A9184B /* Debug */,
				32410F4E2AB4B9CA00A9184B /* Release */,
			);
			defaultConfigurationIsVisible = 0;
			defaultConfigurationName = Release;
		};
/* End XCConfigurationList section */

/* Begin XCRemoteSwiftPackageReference section */
		32410F6C2AB58B0300A9184B /* XCRemoteSwiftPackageReference "firebase-ios-sdk" */ = {
			isa = XCRemoteSwiftPackageReference;
			repositoryURL = "https://github.com/firebase/firebase-ios-sdk";
			requirement = {
				kind = upToNextMajorVersion;
				minimumVersion = 10.15.0;
			};
		};
		32F3B65B2AB6B6030075F5D7 /* XCRemoteSwiftPackageReference "Alamofire" */ = {
			isa = XCRemoteSwiftPackageReference;
			repositoryURL = "https://github.com/Alamofire/Alamofire";
			requirement = {
				kind = upToNextMajorVersion;
				minimumVersion = 5.8.0;
			};
		};
/* End XCRemoteSwiftPackageReference section */

/* Begin XCSwiftPackageProductDependency section */
		32410F6D2AB58B0300A9184B /* FirebaseAnalytics */ = {
			isa = XCSwiftPackageProductDependency;
			package = 32410F6C2AB58B0300A9184B /* XCRemoteSwiftPackageReference "firebase-ios-sdk" */;
			productName = FirebaseAnalytics;
		};
		32410F6F2AB58B0300A9184B /* FirebaseAnalyticsOnDeviceConversion */ = {
			isa = XCSwiftPackageProductDependency;
			package = 32410F6C2AB58B0300A9184B /* XCRemoteSwiftPackageReference "firebase-ios-sdk" */;
			productName = FirebaseAnalyticsOnDeviceConversion;
		};
		32410F712AB58B0300A9184B /* FirebaseAnalyticsSwift */ = {
			isa = XCSwiftPackageProductDependency;
			package = 32410F6C2AB58B0300A9184B /* XCRemoteSwiftPackageReference "firebase-ios-sdk" */;
			productName = FirebaseAnalyticsSwift;
		};
		32410F732AB58B0300A9184B /* FirebaseAnalyticsWithoutAdIdSupport */ = {
			isa = XCSwiftPackageProductDependency;
			package = 32410F6C2AB58B0300A9184B /* XCRemoteSwiftPackageReference "firebase-ios-sdk" */;
			productName = FirebaseAnalyticsWithoutAdIdSupport;
		};
		32410F752AB58B0300A9184B /* FirebaseAppCheck */ = {
			isa = XCSwiftPackageProductDependency;
			package = 32410F6C2AB58B0300A9184B /* XCRemoteSwiftPackageReference "firebase-ios-sdk" */;
			productName = FirebaseAppCheck;
		};
		32410F772AB58B0300A9184B /* FirebaseAppDistribution-Beta */ = {
			isa = XCSwiftPackageProductDependency;
			package = 32410F6C2AB58B0300A9184B /* XCRemoteSwiftPackageReference "firebase-ios-sdk" */;
			productName = "FirebaseAppDistribution-Beta";
		};
		32410F792AB58B0300A9184B /* FirebaseAuth */ = {
			isa = XCSwiftPackageProductDependency;
			package = 32410F6C2AB58B0300A9184B /* XCRemoteSwiftPackageReference "firebase-ios-sdk" */;
			productName = FirebaseAuth;
		};
		32410F7B2AB58B0300A9184B /* FirebaseAuthCombine-Community */ = {
			isa = XCSwiftPackageProductDependency;
			package = 32410F6C2AB58B0300A9184B /* XCRemoteSwiftPackageReference "firebase-ios-sdk" */;
			productName = "FirebaseAuthCombine-Community";
		};
		32410F7D2AB58B0300A9184B /* FirebaseCrashlytics */ = {
			isa = XCSwiftPackageProductDependency;
			package = 32410F6C2AB58B0300A9184B /* XCRemoteSwiftPackageReference "firebase-ios-sdk" */;
			productName = FirebaseCrashlytics;
		};
		32410F7F2AB58B0300A9184B /* FirebaseDatabase */ = {
			isa = XCSwiftPackageProductDependency;
			package = 32410F6C2AB58B0300A9184B /* XCRemoteSwiftPackageReference "firebase-ios-sdk" */;
			productName = FirebaseDatabase;
		};
		32410F812AB58B0300A9184B /* FirebaseDatabaseSwift */ = {
			isa = XCSwiftPackageProductDependency;
			package = 32410F6C2AB58B0300A9184B /* XCRemoteSwiftPackageReference "firebase-ios-sdk" */;
			productName = FirebaseDatabaseSwift;
		};
		32410F832AB58B0300A9184B /* FirebaseDynamicLinks */ = {
			isa = XCSwiftPackageProductDependency;
			package = 32410F6C2AB58B0300A9184B /* XCRemoteSwiftPackageReference "firebase-ios-sdk" */;
			productName = FirebaseDynamicLinks;
		};
		32410F852AB58B0300A9184B /* FirebaseFirestore */ = {
			isa = XCSwiftPackageProductDependency;
			package = 32410F6C2AB58B0300A9184B /* XCRemoteSwiftPackageReference "firebase-ios-sdk" */;
			productName = FirebaseFirestore;
		};
		32410F872AB58B0300A9184B /* FirebaseFirestoreCombine-Community */ = {
			isa = XCSwiftPackageProductDependency;
			package = 32410F6C2AB58B0300A9184B /* XCRemoteSwiftPackageReference "firebase-ios-sdk" */;
			productName = "FirebaseFirestoreCombine-Community";
		};
		32410F892AB58B0300A9184B /* FirebaseFirestoreSwift */ = {
			isa = XCSwiftPackageProductDependency;
			package = 32410F6C2AB58B0300A9184B /* XCRemoteSwiftPackageReference "firebase-ios-sdk" */;
			productName = FirebaseFirestoreSwift;
		};
		32410F8B2AB58B0300A9184B /* FirebaseFunctions */ = {
			isa = XCSwiftPackageProductDependency;
			package = 32410F6C2AB58B0300A9184B /* XCRemoteSwiftPackageReference "firebase-ios-sdk" */;
			productName = FirebaseFunctions;
		};
		32410F8D2AB58B0300A9184B /* FirebaseFunctionsCombine-Community */ = {
			isa = XCSwiftPackageProductDependency;
			package = 32410F6C2AB58B0300A9184B /* XCRemoteSwiftPackageReference "firebase-ios-sdk" */;
			productName = "FirebaseFunctionsCombine-Community";
		};
		32410F8F2AB58B0300A9184B /* FirebaseInAppMessaging-Beta */ = {
			isa = XCSwiftPackageProductDependency;
			package = 32410F6C2AB58B0300A9184B /* XCRemoteSwiftPackageReference "firebase-ios-sdk" */;
			productName = "FirebaseInAppMessaging-Beta";
		};
		32410F912AB58B0300A9184B /* FirebaseInAppMessagingSwift-Beta */ = {
			isa = XCSwiftPackageProductDependency;
			package = 32410F6C2AB58B0300A9184B /* XCRemoteSwiftPackageReference "firebase-ios-sdk" */;
			productName = "FirebaseInAppMessagingSwift-Beta";
		};
		32410F932AB58B0300A9184B /* FirebaseInstallations */ = {
			isa = XCSwiftPackageProductDependency;
			package = 32410F6C2AB58B0300A9184B /* XCRemoteSwiftPackageReference "firebase-ios-sdk" */;
			productName = FirebaseInstallations;
		};
		32410F952AB58B0300A9184B /* FirebaseMLModelDownloader */ = {
			isa = XCSwiftPackageProductDependency;
			package = 32410F6C2AB58B0300A9184B /* XCRemoteSwiftPackageReference "firebase-ios-sdk" */;
			productName = FirebaseMLModelDownloader;
		};
		32410F972AB58B0300A9184B /* FirebaseMessaging */ = {
			isa = XCSwiftPackageProductDependency;
			package = 32410F6C2AB58B0300A9184B /* XCRemoteSwiftPackageReference "firebase-ios-sdk" */;
			productName = FirebaseMessaging;
		};
		32410F992AB58B0300A9184B /* FirebasePerformance */ = {
			isa = XCSwiftPackageProductDependency;
			package = 32410F6C2AB58B0300A9184B /* XCRemoteSwiftPackageReference "firebase-ios-sdk" */;
			productName = FirebasePerformance;
		};
		32410F9B2AB58B0300A9184B /* FirebaseRemoteConfig */ = {
			isa = XCSwiftPackageProductDependency;
			package = 32410F6C2AB58B0300A9184B /* XCRemoteSwiftPackageReference "firebase-ios-sdk" */;
			productName = FirebaseRemoteConfig;
		};
		32410F9D2AB58B0300A9184B /* FirebaseRemoteConfigSwift */ = {
			isa = XCSwiftPackageProductDependency;
			package = 32410F6C2AB58B0300A9184B /* XCRemoteSwiftPackageReference "firebase-ios-sdk" */;
			productName = FirebaseRemoteConfigSwift;
		};
		32410F9F2AB58B0300A9184B /* FirebaseStorage */ = {
			isa = XCSwiftPackageProductDependency;
			package = 32410F6C2AB58B0300A9184B /* XCRemoteSwiftPackageReference "firebase-ios-sdk" */;
			productName = FirebaseStorage;
		};
		32410FA12AB58B0300A9184B /* FirebaseStorageCombine-Community */ = {
			isa = XCSwiftPackageProductDependency;
			package = 32410F6C2AB58B0300A9184B /* XCRemoteSwiftPackageReference "firebase-ios-sdk" */;
			productName = "FirebaseStorageCombine-Community";
		};
		32F3B65C2AB6B6030075F5D7 /* Alamofire */ = {
			isa = XCSwiftPackageProductDependency;
			package = 32F3B65B2AB6B6030075F5D7 /* XCRemoteSwiftPackageReference "Alamofire" */;
			productName = Alamofire;
		};
/* End XCSwiftPackageProductDependency section */
	};
	rootObject = 32410F362AB4B9C900A9184B /* Project object */;
}
